{
  "version": 4,
  "terraform_version": "1.12.2",
  "serial": 18,
  "lineage": "32ccf78b-4a1f-9b6a-c5a4-46af90a7192a",
  "outputs": {
    "gateway_public_ip": {
      "value": "34.155.174.48",
      "type": "string"
    },
    "master_private_ip": {
      "value": "10.240.0.10",
      "type": "string"
    },
    "workers_private_ips": {
      "value": [
        "10.240.0.3",
        "10.240.0.5",
        "10.240.0.4"
      ],
      "type": [
        "tuple",
        [
          "string",
          "string",
          "string"
        ]
      ]
    }
  },
  "resources": [
    {
      "mode": "managed",
      "type": "google_compute_firewall",
      "name": "internal",
      "provider": "provider[\"registry.terraform.io/hashicorp/google\"]",
      "instances": [
        {
          "schema_version": 1,
          "attributes": {
            "allow": [
              {
                "ports": [],
                "protocol": "icmp"
              },
              {
                "ports": [],
                "protocol": "tcp"
              },
              {
                "ports": [],
                "protocol": "udp"
              }
            ],
            "creation_timestamp": "2025-12-07T07:55:58.473-08:00",
            "deny": [],
            "description": "",
            "destination_ranges": [],
            "direction": "INGRESS",
            "disabled": false,
            "enable_logging": null,
            "id": "projects/apt-subset-427519-g1/global/firewalls/allow-internal",
            "log_config": [],
            "name": "allow-internal",
            "network": "https://www.googleapis.com/compute/v1/projects/apt-subset-427519-g1/global/networks/k8s-vpc",
            "params": [],
            "priority": 1000,
            "project": "apt-subset-427519-g1",
            "self_link": "https://www.googleapis.com/compute/v1/projects/apt-subset-427519-g1/global/firewalls/allow-internal",
            "source_ranges": [
              "10.240.0.0/24"
            ],
            "source_service_accounts": [],
            "source_tags": [],
            "target_service_accounts": [],
            "target_tags": [],
            "timeouts": null
          },
          "sensitive_attributes": [],
          "identity_schema_version": 0,
          "private": "eyJlMmJmYjczMC1lY2FhLTExZTYtOGY4OC0zNDM2M2JjN2M0YzAiOnsiY3JlYXRlIjoxMjAwMDAwMDAwMDAwLCJkZWxldGUiOjEyMDAwMDAwMDAwMDAsInVwZGF0ZSI6MTIwMDAwMDAwMDAwMH0sInNjaGVtYV92ZXJzaW9uIjoiMSJ9",
          "dependencies": [
            "google_compute_network.vpc"
          ]
        }
      ]
    },
    {
      "mode": "managed",
      "type": "google_compute_firewall",
      "name": "ssh",
      "provider": "provider[\"registry.terraform.io/hashicorp/google\"]",
      "instances": [
        {
          "schema_version": 1,
          "attributes": {
            "allow": [
              {
                "ports": [
                  "22"
                ],
                "protocol": "tcp"
              }
            ],
            "creation_timestamp": "2025-12-07T07:55:58.530-08:00",
            "deny": [],
            "description": "",
            "destination_ranges": [],
            "direction": "INGRESS",
            "disabled": false,
            "enable_logging": null,
            "id": "projects/apt-subset-427519-g1/global/firewalls/allow-ssh-gateway",
            "log_config": [],
            "name": "allow-ssh-gateway",
            "network": "https://www.googleapis.com/compute/v1/projects/apt-subset-427519-g1/global/networks/k8s-vpc",
            "params": [],
            "priority": 1000,
            "project": "apt-subset-427519-g1",
            "self_link": "https://www.googleapis.com/compute/v1/projects/apt-subset-427519-g1/global/firewalls/allow-ssh-gateway",
            "source_ranges": [
              "0.0.0.0/0"
            ],
            "source_service_accounts": [],
            "source_tags": [],
            "target_service_accounts": [],
            "target_tags": [
              "gateway"
            ],
            "timeouts": null
          },
          "sensitive_attributes": [],
          "identity_schema_version": 0,
          "private": "eyJlMmJmYjczMC1lY2FhLTExZTYtOGY4OC0zNDM2M2JjN2M0YzAiOnsiY3JlYXRlIjoxMjAwMDAwMDAwMDAwLCJkZWxldGUiOjEyMDAwMDAwMDAwMDAsInVwZGF0ZSI6MTIwMDAwMDAwMDAwMH0sInNjaGVtYV92ZXJzaW9uIjoiMSJ9",
          "dependencies": [
            "google_compute_network.vpc"
          ]
        }
      ]
    },
    {
      "mode": "managed",
      "type": "google_compute_instance",
      "name": "gateway",
      "provider": "provider[\"registry.terraform.io/hashicorp/google\"]",
      "instances": [
        {
          "schema_version": 6,
          "attributes": {
            "advanced_machine_features": [],
            "allow_stopping_for_update": null,
            "attached_disk": [],
            "boot_disk": [
              {
                "auto_delete": true,
                "device_name": "persistent-disk-0",
                "disk_encryption_key_raw": "",
                "disk_encryption_key_rsa": "",
                "disk_encryption_key_sha256": "",
                "disk_encryption_service_account": "",
                "force_attach": false,
                "guest_os_features": [
                  "VIRTIO_SCSI_MULTIQUEUE",
                  "SEV_CAPABLE",
                  "SEV_SNP_CAPABLE",
                  "SEV_LIVE_MIGRATABLE",
                  "SEV_LIVE_MIGRATABLE_V2",
                  "IDPF",
                  "TDX_CAPABLE",
                  "UEFI_COMPATIBLE",
                  "GVNIC"
                ],
                "initialize_params": [
                  {
                    "architecture": "X86_64",
                    "enable_confidential_compute": false,
                    "image": "https://www.googleapis.com/compute/v1/projects/ubuntu-os-cloud/global/images/ubuntu-2204-jammy-v20251203",
                    "labels": {},
                    "provisioned_iops": 0,
                    "provisioned_throughput": 0,
                    "resource_manager_tags": {},
                    "resource_policies": [],
                    "size": 10,
                    "snapshot": "",
                    "source_image_encryption_key": [],
                    "source_snapshot_encryption_key": [],
                    "storage_pool": "",
                    "type": "pd-standard"
                  }
                ],
                "interface": "",
                "kms_key_self_link": "",
                "mode": "READ_WRITE",
                "source": "https://www.googleapis.com/compute/v1/projects/apt-subset-427519-g1/zones/europe-west9-a/disks/gateway"
              }
            ],
            "can_ip_forward": false,
            "confidential_instance_config": [],
            "cpu_platform": "Intel Broadwell",
            "creation_timestamp": "2025-12-07T07:56:25.464-08:00",
            "current_status": "RUNNING",
            "deletion_protection": false,
            "description": "",
            "desired_status": null,
            "effective_labels": {
              "goog-terraform-provisioned": "true"
            },
            "enable_display": false,
            "guest_accelerator": [],
            "hostname": "",
            "id": "projects/apt-subset-427519-g1/zones/europe-west9-a/instances/gateway",
            "instance_encryption_key": [],
            "instance_id": "3393769167652396358",
            "key_revocation_action_type": "",
            "label_fingerprint": "vezUS-42LLM=",
            "labels": {},
            "machine_type": "e2-medium",
            "metadata": {
              "ssh-keys": "ubuntu:ssh-rsa AAAAB3NzaC1yc2EAAAADAQABAAACAQDskvvTd1huyytKB988NlyO4WYW2Xy3UD5Ta9w+PLALBdYcuurZvsibvcbAIjNSjjUL2v3oaMFcrGMQDSuo0QP6gxkKWxoQ1kw0xoNwaaaNRlxJA6T1CEiq71ivNCGWirvOCzY3TaQ/xLx6LEB/5h3jMK6Lr0esC+ijj+5jf5x7LCansPr/tQroHq6q9EDhr0xf8vQ6adgSj+v7IPyk9fQ5/U68ZyV2oQAnDuaa1JXcCZrKSBBmlJMxR7u3S09tlFhdUUw+nCg7tVvvH4DVGX/2vk9OdVsEXyUJASHPTsJmKcRAZe6mPfkPVMSTWUtCXpEGwuF33yAMuZqdtv1i9CKkFoDDnaAHBQwPRLi/xjfJ2rWOSeoU7EecqV0UTf9t/eFpeAGuNSidaV7pbi7cUKIwcI6bE+4FvmiPKX2RKIjx4tgL7IxKq2kQS5TJK5CMeB2qCaGZqX6vrXkg7Ll/m+Dq+B0imv3EuB/CtCG79gcNudkEdnkSWiOz5CcxcVzJ/KkdYDZ3Lx+xuTMP8FxVx6gJn6fLT5yhK4DO5y1recVYn74Fp6xfm4nXLBE1KYqAzDaJ6TdRwTPz+xqEgusPMzlOj3PqpcT+CvpflK/bEy867rWxUQfBL13Ak5GbpMTc7Up4xHf7qluPmo6pYkzt36cPrzr1N3oZi8XjJR0LcN10Jw==\n"
            },
            "metadata_fingerprint": "6QL8JFeh4ZI=",
            "metadata_startup_script": null,
            "min_cpu_platform": "",
            "name": "gateway",
            "network_interface": [
              {
                "access_config": [
                  {
                    "nat_ip": "34.155.174.48",
                    "network_tier": "PREMIUM",
                    "public_ptr_domain_name": ""
                  }
                ],
                "alias_ip_range": [],
                "internal_ipv6_prefix_length": 0,
                "ipv6_access_config": [],
                "ipv6_access_type": "",
                "ipv6_address": "",
                "name": "nic0",
                "network": "https://www.googleapis.com/compute/v1/projects/apt-subset-427519-g1/global/networks/k8s-vpc",
                "network_attachment": "",
                "network_ip": "10.240.0.2",
                "nic_type": "",
                "queue_count": 0,
                "stack_type": "IPV4_ONLY",
                "subnetwork": "https://www.googleapis.com/compute/v1/projects/apt-subset-427519-g1/regions/europe-west9/subnetworks/k8s-subnet",
                "subnetwork_project": "apt-subset-427519-g1"
              }
            ],
            "network_performance_config": [],
            "params": [],
            "project": "apt-subset-427519-g1",
            "reservation_affinity": [],
            "resource_policies": [],
            "scheduling": [
              {
                "automatic_restart": true,
                "availability_domain": 0,
                "instance_termination_action": "",
                "local_ssd_recovery_timeout": [],
                "max_run_duration": [],
                "min_node_cpus": 0,
                "node_affinities": [],
                "on_host_maintenance": "MIGRATE",
                "on_instance_stop_action": [],
                "preemptible": false,
                "provisioning_model": "STANDARD",
                "termination_time": ""
              }
            ],
            "scratch_disk": [],
            "self_link": "https://www.googleapis.com/compute/v1/projects/apt-subset-427519-g1/zones/europe-west9-a/instances/gateway",
            "service_account": [],
            "shielded_instance_config": [
              {
                "enable_integrity_monitoring": true,
                "enable_secure_boot": false,
                "enable_vtpm": true
              }
            ],
            "tags": [
              "gateway"
            ],
            "tags_fingerprint": "UrM6jlsUTDs=",
            "terraform_labels": {
              "goog-terraform-provisioned": "true"
            },
            "timeouts": null,
            "zone": "europe-west9-a"
          },
          "sensitive_attributes": [
            [
              {
                "type": "get_attr",
                "value": "boot_disk"
              },
              {
                "type": "index",
                "value": {
                  "value": 0,
                  "type": "number"
                }
              },
              {
                "type": "get_attr",
                "value": "disk_encryption_key_raw"
              }
            ],
            [
              {
                "type": "get_attr",
                "value": "boot_disk"
              },
              {
                "type": "index",
                "value": {
                  "value": 0,
                  "type": "number"
                }
              },
              {
                "type": "get_attr",
                "value": "disk_encryption_key_rsa"
              }
            ]
          ],
          "identity_schema_version": 0,
          "private": "eyJlMmJmYjczMC1lY2FhLTExZTYtOGY4OC0zNDM2M2JjN2M0YzAiOnsiY3JlYXRlIjoxMjAwMDAwMDAwMDAwLCJkZWxldGUiOjEyMDAwMDAwMDAwMDAsInVwZGF0ZSI6MTIwMDAwMDAwMDAwMH0sInNjaGVtYV92ZXJzaW9uIjoiNiJ9",
          "dependencies": [
            "google_compute_network.vpc",
            "google_compute_subnetwork.subnet",
            "tls_private_key.ssh_key"
          ]
        }
      ]
    },
    {
      "mode": "managed",
      "type": "google_compute_instance",
      "name": "master",
      "provider": "provider[\"registry.terraform.io/hashicorp/google\"]",
      "instances": [
        {
          "schema_version": 6,
          "attributes": {
            "advanced_machine_features": [],
            "allow_stopping_for_update": null,
            "attached_disk": [],
            "boot_disk": [
              {
                "auto_delete": true,
                "device_name": "persistent-disk-0",
                "disk_encryption_key_raw": "",
                "disk_encryption_key_rsa": "",
                "disk_encryption_key_sha256": "",
                "disk_encryption_service_account": "",
                "force_attach": false,
                "guest_os_features": [
                  "VIRTIO_SCSI_MULTIQUEUE",
                  "SEV_CAPABLE",
                  "SEV_SNP_CAPABLE",
                  "SEV_LIVE_MIGRATABLE",
                  "SEV_LIVE_MIGRATABLE_V2",
                  "IDPF",
                  "TDX_CAPABLE",
                  "UEFI_COMPATIBLE",
                  "GVNIC"
                ],
                "initialize_params": [
                  {
                    "architecture": "X86_64",
                    "enable_confidential_compute": false,
                    "image": "https://www.googleapis.com/compute/v1/projects/ubuntu-os-cloud/global/images/ubuntu-2204-jammy-v20251203",
                    "labels": {},
                    "provisioned_iops": 0,
                    "provisioned_throughput": 0,
                    "resource_manager_tags": {},
                    "resource_policies": [],
                    "size": 50,
                    "snapshot": "",
                    "source_image_encryption_key": [],
                    "source_snapshot_encryption_key": [],
                    "storage_pool": "",
                    "type": "pd-standard"
                  }
                ],
                "interface": "",
                "kms_key_self_link": "",
                "mode": "READ_WRITE",
                "source": "https://www.googleapis.com/compute/v1/projects/apt-subset-427519-g1/zones/europe-west9-a/disks/master"
              }
            ],
            "can_ip_forward": false,
            "confidential_instance_config": [],
            "cpu_platform": "Intel Broadwell",
            "creation_timestamp": "2025-12-07T07:56:26.178-08:00",
            "current_status": "RUNNING",
            "deletion_protection": false,
            "description": "",
            "desired_status": null,
            "effective_labels": {
              "goog-terraform-provisioned": "true"
            },
            "enable_display": false,
            "guest_accelerator": [],
            "hostname": "",
            "id": "projects/apt-subset-427519-g1/zones/europe-west9-a/instances/master",
            "instance_encryption_key": [],
            "instance_id": "846069527729413446",
            "key_revocation_action_type": "",
            "label_fingerprint": "vezUS-42LLM=",
            "labels": {},
            "machine_type": "e2-standard-2",
            "metadata": {
              "ssh-keys": "ubuntu:ssh-rsa AAAAB3NzaC1yc2EAAAADAQABAAACAQDskvvTd1huyytKB988NlyO4WYW2Xy3UD5Ta9w+PLALBdYcuurZvsibvcbAIjNSjjUL2v3oaMFcrGMQDSuo0QP6gxkKWxoQ1kw0xoNwaaaNRlxJA6T1CEiq71ivNCGWirvOCzY3TaQ/xLx6LEB/5h3jMK6Lr0esC+ijj+5jf5x7LCansPr/tQroHq6q9EDhr0xf8vQ6adgSj+v7IPyk9fQ5/U68ZyV2oQAnDuaa1JXcCZrKSBBmlJMxR7u3S09tlFhdUUw+nCg7tVvvH4DVGX/2vk9OdVsEXyUJASHPTsJmKcRAZe6mPfkPVMSTWUtCXpEGwuF33yAMuZqdtv1i9CKkFoDDnaAHBQwPRLi/xjfJ2rWOSeoU7EecqV0UTf9t/eFpeAGuNSidaV7pbi7cUKIwcI6bE+4FvmiPKX2RKIjx4tgL7IxKq2kQS5TJK5CMeB2qCaGZqX6vrXkg7Ll/m+Dq+B0imv3EuB/CtCG79gcNudkEdnkSWiOz5CcxcVzJ/KkdYDZ3Lx+xuTMP8FxVx6gJn6fLT5yhK4DO5y1recVYn74Fp6xfm4nXLBE1KYqAzDaJ6TdRwTPz+xqEgusPMzlOj3PqpcT+CvpflK/bEy867rWxUQfBL13Ak5GbpMTc7Up4xHf7qluPmo6pYkzt36cPrzr1N3oZi8XjJR0LcN10Jw==\n"
            },
            "metadata_fingerprint": "6QL8JFeh4ZI=",
            "metadata_startup_script": null,
            "min_cpu_platform": "",
            "name": "master",
            "network_interface": [
              {
                "access_config": [],
                "alias_ip_range": [],
                "internal_ipv6_prefix_length": 0,
                "ipv6_access_config": [],
                "ipv6_access_type": "",
                "ipv6_address": "",
                "name": "nic0",
                "network": "https://www.googleapis.com/compute/v1/projects/apt-subset-427519-g1/global/networks/k8s-vpc",
                "network_attachment": "",
                "network_ip": "10.240.0.10",
                "nic_type": "",
                "queue_count": 0,
                "stack_type": "IPV4_ONLY",
                "subnetwork": "https://www.googleapis.com/compute/v1/projects/apt-subset-427519-g1/regions/europe-west9/subnetworks/k8s-subnet",
                "subnetwork_project": "apt-subset-427519-g1"
              }
            ],
            "network_performance_config": [],
            "params": [],
            "project": "apt-subset-427519-g1",
            "reservation_affinity": [],
            "resource_policies": [],
            "scheduling": [
              {
                "automatic_restart": true,
                "availability_domain": 0,
                "instance_termination_action": "",
                "local_ssd_recovery_timeout": [],
                "max_run_duration": [],
                "min_node_cpus": 0,
                "node_affinities": [],
                "on_host_maintenance": "MIGRATE",
                "on_instance_stop_action": [],
                "preemptible": false,
                "provisioning_model": "STANDARD",
                "termination_time": ""
              }
            ],
            "scratch_disk": [],
            "self_link": "https://www.googleapis.com/compute/v1/projects/apt-subset-427519-g1/zones/europe-west9-a/instances/master",
            "service_account": [],
            "shielded_instance_config": [
              {
                "enable_integrity_monitoring": true,
                "enable_secure_boot": false,
                "enable_vtpm": true
              }
            ],
            "tags": [
              "master"
            ],
            "tags_fingerprint": "4y7qQ8dL1yM=",
            "terraform_labels": {
              "goog-terraform-provisioned": "true"
            },
            "timeouts": null,
            "zone": "europe-west9-a"
          },
          "sensitive_attributes": [
            [
              {
                "type": "get_attr",
                "value": "boot_disk"
              },
              {
                "type": "index",
                "value": {
                  "value": 0,
                  "type": "number"
                }
              },
              {
                "type": "get_attr",
                "value": "disk_encryption_key_raw"
              }
            ],
            [
              {
                "type": "get_attr",
                "value": "boot_disk"
              },
              {
                "type": "index",
                "value": {
                  "value": 0,
                  "type": "number"
                }
              },
              {
                "type": "get_attr",
                "value": "disk_encryption_key_rsa"
              }
            ]
          ],
          "identity_schema_version": 0,
          "private": "eyJlMmJmYjczMC1lY2FhLTExZTYtOGY4OC0zNDM2M2JjN2M0YzAiOnsiY3JlYXRlIjoxMjAwMDAwMDAwMDAwLCJkZWxldGUiOjEyMDAwMDAwMDAwMDAsInVwZGF0ZSI6MTIwMDAwMDAwMDAwMH0sInNjaGVtYV92ZXJzaW9uIjoiNiJ9",
          "dependencies": [
            "google_compute_network.vpc",
            "google_compute_subnetwork.subnet",
            "tls_private_key.ssh_key"
          ]
        }
      ]
    },
    {
      "mode": "managed",
      "type": "google_compute_instance",
      "name": "worker",
      "provider": "provider[\"registry.terraform.io/hashicorp/google\"]",
      "instances": [
        {
          "index_key": 0,
          "schema_version": 6,
          "attributes": {
            "advanced_machine_features": [],
            "allow_stopping_for_update": null,
            "attached_disk": [],
            "boot_disk": [
              {
                "auto_delete": true,
                "device_name": "persistent-disk-0",
                "disk_encryption_key_raw": "",
                "disk_encryption_key_rsa": "",
                "disk_encryption_key_sha256": "",
                "disk_encryption_service_account": "",
                "force_attach": false,
                "guest_os_features": [
                  "VIRTIO_SCSI_MULTIQUEUE",
                  "SEV_CAPABLE",
                  "SEV_SNP_CAPABLE",
                  "SEV_LIVE_MIGRATABLE",
                  "SEV_LIVE_MIGRATABLE_V2",
                  "IDPF",
                  "TDX_CAPABLE",
                  "UEFI_COMPATIBLE",
                  "GVNIC"
                ],
                "initialize_params": [
                  {
                    "architecture": "X86_64",
                    "enable_confidential_compute": false,
                    "image": "https://www.googleapis.com/compute/v1/projects/ubuntu-os-cloud/global/images/ubuntu-2204-jammy-v20251203",
                    "labels": {},
                    "provisioned_iops": 0,
                    "provisioned_throughput": 0,
                    "resource_manager_tags": {},
                    "resource_policies": [],
                    "size": 100,
                    "snapshot": "",
                    "source_image_encryption_key": [],
                    "source_snapshot_encryption_key": [],
                    "storage_pool": "",
                    "type": "pd-standard"
                  }
                ],
                "interface": "",
                "kms_key_self_link": "",
                "mode": "READ_WRITE",
                "source": "https://www.googleapis.com/compute/v1/projects/apt-subset-427519-g1/zones/europe-west9-a/disks/worker-0"
              }
            ],
            "can_ip_forward": false,
            "confidential_instance_config": [],
            "cpu_platform": "Intel Broadwell",
            "creation_timestamp": "2025-12-07T07:56:25.714-08:00",
            "current_status": "RUNNING",
            "deletion_protection": false,
            "description": "",
            "desired_status": null,
            "effective_labels": {
              "goog-terraform-provisioned": "true"
            },
            "enable_display": false,
            "guest_accelerator": [],
            "hostname": "",
            "id": "projects/apt-subset-427519-g1/zones/europe-west9-a/instances/worker-0",
            "instance_encryption_key": [],
            "instance_id": "1650046891114110278",
            "key_revocation_action_type": "",
            "label_fingerprint": "vezUS-42LLM=",
            "labels": {},
            "machine_type": "e2-standard-4",
            "metadata": {
              "ssh-keys": "ubuntu:ssh-rsa AAAAB3NzaC1yc2EAAAADAQABAAACAQDskvvTd1huyytKB988NlyO4WYW2Xy3UD5Ta9w+PLALBdYcuurZvsibvcbAIjNSjjUL2v3oaMFcrGMQDSuo0QP6gxkKWxoQ1kw0xoNwaaaNRlxJA6T1CEiq71ivNCGWirvOCzY3TaQ/xLx6LEB/5h3jMK6Lr0esC+ijj+5jf5x7LCansPr/tQroHq6q9EDhr0xf8vQ6adgSj+v7IPyk9fQ5/U68ZyV2oQAnDuaa1JXcCZrKSBBmlJMxR7u3S09tlFhdUUw+nCg7tVvvH4DVGX/2vk9OdVsEXyUJASHPTsJmKcRAZe6mPfkPVMSTWUtCXpEGwuF33yAMuZqdtv1i9CKkFoDDnaAHBQwPRLi/xjfJ2rWOSeoU7EecqV0UTf9t/eFpeAGuNSidaV7pbi7cUKIwcI6bE+4FvmiPKX2RKIjx4tgL7IxKq2kQS5TJK5CMeB2qCaGZqX6vrXkg7Ll/m+Dq+B0imv3EuB/CtCG79gcNudkEdnkSWiOz5CcxcVzJ/KkdYDZ3Lx+xuTMP8FxVx6gJn6fLT5yhK4DO5y1recVYn74Fp6xfm4nXLBE1KYqAzDaJ6TdRwTPz+xqEgusPMzlOj3PqpcT+CvpflK/bEy867rWxUQfBL13Ak5GbpMTc7Up4xHf7qluPmo6pYkzt36cPrzr1N3oZi8XjJR0LcN10Jw==\n"
            },
            "metadata_fingerprint": "6QL8JFeh4ZI=",
            "metadata_startup_script": null,
            "min_cpu_platform": "",
            "name": "worker-0",
            "network_interface": [
              {
                "access_config": [],
                "alias_ip_range": [],
                "internal_ipv6_prefix_length": 0,
                "ipv6_access_config": [],
                "ipv6_access_type": "",
                "ipv6_address": "",
                "name": "nic0",
                "network": "https://www.googleapis.com/compute/v1/projects/apt-subset-427519-g1/global/networks/k8s-vpc",
                "network_attachment": "",
                "network_ip": "10.240.0.3",
                "nic_type": "",
                "queue_count": 0,
                "stack_type": "IPV4_ONLY",
                "subnetwork": "https://www.googleapis.com/compute/v1/projects/apt-subset-427519-g1/regions/europe-west9/subnetworks/k8s-subnet",
                "subnetwork_project": "apt-subset-427519-g1"
              }
            ],
            "network_performance_config": [],
            "params": [],
            "project": "apt-subset-427519-g1",
            "reservation_affinity": [],
            "resource_policies": [],
            "scheduling": [
              {
                "automatic_restart": true,
                "availability_domain": 0,
                "instance_termination_action": "",
                "local_ssd_recovery_timeout": [],
                "max_run_duration": [],
                "min_node_cpus": 0,
                "node_affinities": [],
                "on_host_maintenance": "MIGRATE",
                "on_instance_stop_action": [],
                "preemptible": false,
                "provisioning_model": "STANDARD",
                "termination_time": ""
              }
            ],
            "scratch_disk": [],
            "self_link": "https://www.googleapis.com/compute/v1/projects/apt-subset-427519-g1/zones/europe-west9-a/instances/worker-0",
            "service_account": [],
            "shielded_instance_config": [
              {
                "enable_integrity_monitoring": true,
                "enable_secure_boot": false,
                "enable_vtpm": true
              }
            ],
            "tags": [
              "worker"
            ],
            "tags_fingerprint": "uvqiNQvnefU=",
            "terraform_labels": {
              "goog-terraform-provisioned": "true"
            },
            "timeouts": null,
            "zone": "europe-west9-a"
          },
          "sensitive_attributes": [
            [
              {
                "type": "get_attr",
                "value": "boot_disk"
              },
              {
                "type": "index",
                "value": {
                  "value": 0,
                  "type": "number"
                }
              },
              {
                "type": "get_attr",
                "value": "disk_encryption_key_raw"
              }
            ],
            [
              {
                "type": "get_attr",
                "value": "boot_disk"
              },
              {
                "type": "index",
                "value": {
                  "value": 0,
                  "type": "number"
                }
              },
              {
                "type": "get_attr",
                "value": "disk_encryption_key_rsa"
              }
            ]
          ],
          "identity_schema_version": 0,
          "private": "eyJlMmJmYjczMC1lY2FhLTExZTYtOGY4OC0zNDM2M2JjN2M0YzAiOnsiY3JlYXRlIjoxMjAwMDAwMDAwMDAwLCJkZWxldGUiOjEyMDAwMDAwMDAwMDAsInVwZGF0ZSI6MTIwMDAwMDAwMDAwMH0sInNjaGVtYV92ZXJzaW9uIjoiNiJ9",
          "dependencies": [
            "google_compute_network.vpc",
            "google_compute_subnetwork.subnet",
            "tls_private_key.ssh_key"
          ]
        },
        {
          "index_key": 1,
          "schema_version": 6,
          "attributes": {
            "advanced_machine_features": [],
            "allow_stopping_for_update": null,
            "attached_disk": [],
            "boot_disk": [
              {
                "auto_delete": true,
                "device_name": "persistent-disk-0",
                "disk_encryption_key_raw": "",
                "disk_encryption_key_rsa": "",
                "disk_encryption_key_sha256": "",
                "disk_encryption_service_account": "",
                "force_attach": false,
                "guest_os_features": [
                  "VIRTIO_SCSI_MULTIQUEUE",
                  "SEV_CAPABLE",
                  "SEV_SNP_CAPABLE",
                  "SEV_LIVE_MIGRATABLE",
                  "SEV_LIVE_MIGRATABLE_V2",
                  "IDPF",
                  "TDX_CAPABLE",
                  "UEFI_COMPATIBLE",
                  "GVNIC"
                ],
                "initialize_params": [
                  {
                    "architecture": "X86_64",
                    "enable_confidential_compute": false,
                    "image": "https://www.googleapis.com/compute/v1/projects/ubuntu-os-cloud/global/images/ubuntu-2204-jammy-v20251203",
                    "labels": {},
                    "provisioned_iops": 0,
                    "provisioned_throughput": 0,
                    "resource_manager_tags": {},
                    "resource_policies": [],
                    "size": 100,
                    "snapshot": "",
                    "source_image_encryption_key": [],
                    "source_snapshot_encryption_key": [],
                    "storage_pool": "",
                    "type": "pd-standard"
                  }
                ],
                "interface": "",
                "kms_key_self_link": "",
                "mode": "READ_WRITE",
                "source": "https://www.googleapis.com/compute/v1/projects/apt-subset-427519-g1/zones/europe-west9-a/disks/worker-1"
              }
            ],
            "can_ip_forward": false,
            "confidential_instance_config": [],
            "cpu_platform": "Intel Broadwell",
            "creation_timestamp": "2025-12-07T07:56:26.803-08:00",
            "current_status": "RUNNING",
            "deletion_protection": false,
            "description": "",
            "desired_status": null,
            "effective_labels": {
              "goog-terraform-provisioned": "true"
            },
            "enable_display": false,
            "guest_accelerator": [],
            "hostname": "",
            "id": "projects/apt-subset-427519-g1/zones/europe-west9-a/instances/worker-1",
            "instance_encryption_key": [],
            "instance_id": "5929240387143605574",
            "key_revocation_action_type": "",
            "label_fingerprint": "vezUS-42LLM=",
            "labels": {},
            "machine_type": "e2-standard-4",
            "metadata": {
              "ssh-keys": "ubuntu:ssh-rsa AAAAB3NzaC1yc2EAAAADAQABAAACAQDskvvTd1huyytKB988NlyO4WYW2Xy3UD5Ta9w+PLALBdYcuurZvsibvcbAIjNSjjUL2v3oaMFcrGMQDSuo0QP6gxkKWxoQ1kw0xoNwaaaNRlxJA6T1CEiq71ivNCGWirvOCzY3TaQ/xLx6LEB/5h3jMK6Lr0esC+ijj+5jf5x7LCansPr/tQroHq6q9EDhr0xf8vQ6adgSj+v7IPyk9fQ5/U68ZyV2oQAnDuaa1JXcCZrKSBBmlJMxR7u3S09tlFhdUUw+nCg7tVvvH4DVGX/2vk9OdVsEXyUJASHPTsJmKcRAZe6mPfkPVMSTWUtCXpEGwuF33yAMuZqdtv1i9CKkFoDDnaAHBQwPRLi/xjfJ2rWOSeoU7EecqV0UTf9t/eFpeAGuNSidaV7pbi7cUKIwcI6bE+4FvmiPKX2RKIjx4tgL7IxKq2kQS5TJK5CMeB2qCaGZqX6vrXkg7Ll/m+Dq+B0imv3EuB/CtCG79gcNudkEdnkSWiOz5CcxcVzJ/KkdYDZ3Lx+xuTMP8FxVx6gJn6fLT5yhK4DO5y1recVYn74Fp6xfm4nXLBE1KYqAzDaJ6TdRwTPz+xqEgusPMzlOj3PqpcT+CvpflK/bEy867rWxUQfBL13Ak5GbpMTc7Up4xHf7qluPmo6pYkzt36cPrzr1N3oZi8XjJR0LcN10Jw==\n"
            },
            "metadata_fingerprint": "6QL8JFeh4ZI=",
            "metadata_startup_script": null,
            "min_cpu_platform": "",
            "name": "worker-1",
            "network_interface": [
              {
                "access_config": [],
                "alias_ip_range": [],
                "internal_ipv6_prefix_length": 0,
                "ipv6_access_config": [],
                "ipv6_access_type": "",
                "ipv6_address": "",
                "name": "nic0",
                "network": "https://www.googleapis.com/compute/v1/projects/apt-subset-427519-g1/global/networks/k8s-vpc",
                "network_attachment": "",
                "network_ip": "10.240.0.5",
                "nic_type": "",
                "queue_count": 0,
                "stack_type": "IPV4_ONLY",
                "subnetwork": "https://www.googleapis.com/compute/v1/projects/apt-subset-427519-g1/regions/europe-west9/subnetworks/k8s-subnet",
                "subnetwork_project": "apt-subset-427519-g1"
              }
            ],
            "network_performance_config": [],
            "params": [],
            "project": "apt-subset-427519-g1",
            "reservation_affinity": [],
            "resource_policies": [],
            "scheduling": [
              {
                "automatic_restart": true,
                "availability_domain": 0,
                "instance_termination_action": "",
                "local_ssd_recovery_timeout": [],
                "max_run_duration": [],
                "min_node_cpus": 0,
                "node_affinities": [],
                "on_host_maintenance": "MIGRATE",
                "on_instance_stop_action": [],
                "preemptible": false,
                "provisioning_model": "STANDARD",
                "termination_time": ""
              }
            ],
            "scratch_disk": [],
            "self_link": "https://www.googleapis.com/compute/v1/projects/apt-subset-427519-g1/zones/europe-west9-a/instances/worker-1",
            "service_account": [],
            "shielded_instance_config": [
              {
                "enable_integrity_monitoring": true,
                "enable_secure_boot": false,
                "enable_vtpm": true
              }
            ],
            "tags": [
              "worker"
            ],
            "tags_fingerprint": "uvqiNQvnefU=",
            "terraform_labels": {
              "goog-terraform-provisioned": "true"
            },
            "timeouts": null,
            "zone": "europe-west9-a"
          },
          "sensitive_attributes": [
            [
              {
                "type": "get_attr",
                "value": "boot_disk"
              },
              {
                "type": "index",
                "value": {
                  "value": 0,
                  "type": "number"
                }
              },
              {
                "type": "get_attr",
                "value": "disk_encryption_key_raw"
              }
            ],
            [
              {
                "type": "get_attr",
                "value": "boot_disk"
              },
              {
                "type": "index",
                "value": {
                  "value": 0,
                  "type": "number"
                }
              },
              {
                "type": "get_attr",
                "value": "disk_encryption_key_rsa"
              }
            ]
          ],
          "identity_schema_version": 0,
          "private": "eyJlMmJmYjczMC1lY2FhLTExZTYtOGY4OC0zNDM2M2JjN2M0YzAiOnsiY3JlYXRlIjoxMjAwMDAwMDAwMDAwLCJkZWxldGUiOjEyMDAwMDAwMDAwMDAsInVwZGF0ZSI6MTIwMDAwMDAwMDAwMH0sInNjaGVtYV92ZXJzaW9uIjoiNiJ9",
          "dependencies": [
            "google_compute_network.vpc",
            "google_compute_subnetwork.subnet",
            "tls_private_key.ssh_key"
          ]
        },
        {
          "index_key": 2,
          "schema_version": 6,
          "attributes": {
            "advanced_machine_features": [],
            "allow_stopping_for_update": null,
            "attached_disk": [],
            "boot_disk": [
              {
                "auto_delete": true,
                "device_name": "persistent-disk-0",
                "disk_encryption_key_raw": "",
                "disk_encryption_key_rsa": "",
                "disk_encryption_key_sha256": "",
                "disk_encryption_service_account": "",
                "force_attach": false,
                "guest_os_features": [
                  "VIRTIO_SCSI_MULTIQUEUE",
                  "SEV_CAPABLE",
                  "SEV_SNP_CAPABLE",
                  "SEV_LIVE_MIGRATABLE",
                  "SEV_LIVE_MIGRATABLE_V2",
                  "IDPF",
                  "TDX_CAPABLE",
                  "UEFI_COMPATIBLE",
                  "GVNIC"
                ],
                "initialize_params": [
                  {
                    "architecture": "X86_64",
                    "enable_confidential_compute": false,
                    "image": "https://www.googleapis.com/compute/v1/projects/ubuntu-os-cloud/global/images/ubuntu-2204-jammy-v20251203",
                    "labels": {},
                    "provisioned_iops": 0,
                    "provisioned_throughput": 0,
                    "resource_manager_tags": {},
                    "resource_policies": [],
                    "size": 100,
                    "snapshot": "",
                    "source_image_encryption_key": [],
                    "source_snapshot_encryption_key": [],
                    "storage_pool": "",
                    "type": "pd-standard"
                  }
                ],
                "interface": "",
                "kms_key_self_link": "",
                "mode": "READ_WRITE",
                "source": "https://www.googleapis.com/compute/v1/projects/apt-subset-427519-g1/zones/europe-west9-a/disks/worker-2"
              }
            ],
            "can_ip_forward": false,
            "confidential_instance_config": [],
            "cpu_platform": "Intel Broadwell",
            "creation_timestamp": "2025-12-07T07:56:26.677-08:00",
            "current_status": "RUNNING",
            "deletion_protection": false,
            "description": "",
            "desired_status": null,
            "effective_labels": {
              "goog-terraform-provisioned": "true"
            },
            "enable_display": false,
            "guest_accelerator": [],
            "hostname": "",
            "id": "projects/apt-subset-427519-g1/zones/europe-west9-a/instances/worker-2",
            "instance_encryption_key": [],
            "instance_id": "2669450914893929798",
            "key_revocation_action_type": "",
            "label_fingerprint": "vezUS-42LLM=",
            "labels": {},
            "machine_type": "e2-standard-4",
            "metadata": {
              "ssh-keys": "ubuntu:ssh-rsa AAAAB3NzaC1yc2EAAAADAQABAAACAQDskvvTd1huyytKB988NlyO4WYW2Xy3UD5Ta9w+PLALBdYcuurZvsibvcbAIjNSjjUL2v3oaMFcrGMQDSuo0QP6gxkKWxoQ1kw0xoNwaaaNRlxJA6T1CEiq71ivNCGWirvOCzY3TaQ/xLx6LEB/5h3jMK6Lr0esC+ijj+5jf5x7LCansPr/tQroHq6q9EDhr0xf8vQ6adgSj+v7IPyk9fQ5/U68ZyV2oQAnDuaa1JXcCZrKSBBmlJMxR7u3S09tlFhdUUw+nCg7tVvvH4DVGX/2vk9OdVsEXyUJASHPTsJmKcRAZe6mPfkPVMSTWUtCXpEGwuF33yAMuZqdtv1i9CKkFoDDnaAHBQwPRLi/xjfJ2rWOSeoU7EecqV0UTf9t/eFpeAGuNSidaV7pbi7cUKIwcI6bE+4FvmiPKX2RKIjx4tgL7IxKq2kQS5TJK5CMeB2qCaGZqX6vrXkg7Ll/m+Dq+B0imv3EuB/CtCG79gcNudkEdnkSWiOz5CcxcVzJ/KkdYDZ3Lx+xuTMP8FxVx6gJn6fLT5yhK4DO5y1recVYn74Fp6xfm4nXLBE1KYqAzDaJ6TdRwTPz+xqEgusPMzlOj3PqpcT+CvpflK/bEy867rWxUQfBL13Ak5GbpMTc7Up4xHf7qluPmo6pYkzt36cPrzr1N3oZi8XjJR0LcN10Jw==\n"
            },
            "metadata_fingerprint": "6QL8JFeh4ZI=",
            "metadata_startup_script": null,
            "min_cpu_platform": "",
            "name": "worker-2",
            "network_interface": [
              {
                "access_config": [],
                "alias_ip_range": [],
                "internal_ipv6_prefix_length": 0,
                "ipv6_access_config": [],
                "ipv6_access_type": "",
                "ipv6_address": "",
                "name": "nic0",
                "network": "https://www.googleapis.com/compute/v1/projects/apt-subset-427519-g1/global/networks/k8s-vpc",
                "network_attachment": "",
                "network_ip": "10.240.0.4",
                "nic_type": "",
                "queue_count": 0,
                "stack_type": "IPV4_ONLY",
                "subnetwork": "https://www.googleapis.com/compute/v1/projects/apt-subset-427519-g1/regions/europe-west9/subnetworks/k8s-subnet",
                "subnetwork_project": "apt-subset-427519-g1"
              }
            ],
            "network_performance_config": [],
            "params": [],
            "project": "apt-subset-427519-g1",
            "reservation_affinity": [],
            "resource_policies": [],
            "scheduling": [
              {
                "automatic_restart": true,
                "availability_domain": 0,
                "instance_termination_action": "",
                "local_ssd_recovery_timeout": [],
                "max_run_duration": [],
                "min_node_cpus": 0,
                "node_affinities": [],
                "on_host_maintenance": "MIGRATE",
                "on_instance_stop_action": [],
                "preemptible": false,
                "provisioning_model": "STANDARD",
                "termination_time": ""
              }
            ],
            "scratch_disk": [],
            "self_link": "https://www.googleapis.com/compute/v1/projects/apt-subset-427519-g1/zones/europe-west9-a/instances/worker-2",
            "service_account": [],
            "shielded_instance_config": [
              {
                "enable_integrity_monitoring": true,
                "enable_secure_boot": false,
                "enable_vtpm": true
              }
            ],
            "tags": [
              "worker"
            ],
            "tags_fingerprint": "uvqiNQvnefU=",
            "terraform_labels": {
              "goog-terraform-provisioned": "true"
            },
            "timeouts": null,
            "zone": "europe-west9-a"
          },
          "sensitive_attributes": [
            [
              {
                "type": "get_attr",
                "value": "boot_disk"
              },
              {
                "type": "index",
                "value": {
                  "value": 0,
                  "type": "number"
                }
              },
              {
                "type": "get_attr",
                "value": "disk_encryption_key_raw"
              }
            ],
            [
              {
                "type": "get_attr",
                "value": "boot_disk"
              },
              {
                "type": "index",
                "value": {
                  "value": 0,
                  "type": "number"
                }
              },
              {
                "type": "get_attr",
                "value": "disk_encryption_key_rsa"
              }
            ]
          ],
          "identity_schema_version": 0,
          "private": "eyJlMmJmYjczMC1lY2FhLTExZTYtOGY4OC0zNDM2M2JjN2M0YzAiOnsiY3JlYXRlIjoxMjAwMDAwMDAwMDAwLCJkZWxldGUiOjEyMDAwMDAwMDAwMDAsInVwZGF0ZSI6MTIwMDAwMDAwMDAwMH0sInNjaGVtYV92ZXJzaW9uIjoiNiJ9",
          "dependencies": [
            "google_compute_network.vpc",
            "google_compute_subnetwork.subnet",
            "tls_private_key.ssh_key"
          ]
        }
      ]
    },
    {
      "mode": "managed",
      "type": "google_compute_network",
      "name": "vpc",
      "provider": "provider[\"registry.terraform.io/hashicorp/google\"]",
      "instances": [
        {
          "schema_version": 0,
          "attributes": {
            "auto_create_subnetworks": false,
            "bgp_always_compare_med": false,
            "bgp_best_path_selection_mode": "LEGACY",
            "bgp_inter_region_cost": "",
            "delete_default_routes_on_create": false,
            "description": "",
            "enable_ula_internal_ipv6": false,
            "gateway_ipv4": "",
            "id": "projects/apt-subset-427519-g1/global/networks/k8s-vpc",
            "internal_ipv6_range": "",
            "mtu": 0,
            "name": "k8s-vpc",
            "network_firewall_policy_enforcement_order": "AFTER_CLASSIC_FIREWALL",
            "network_id": "7293613186250972567",
            "network_profile": "",
            "numeric_id": "7293613186250972567",
            "params": [],
            "project": "apt-subset-427519-g1",
            "routing_mode": "REGIONAL",
            "self_link": "https://www.googleapis.com/compute/v1/projects/apt-subset-427519-g1/global/networks/k8s-vpc",
            "timeouts": null
          },
          "sensitive_attributes": [],
          "identity_schema_version": 0,
          "private": "eyJlMmJmYjczMC1lY2FhLTExZTYtOGY4OC0zNDM2M2JjN2M0YzAiOnsiY3JlYXRlIjoxMjAwMDAwMDAwMDAwLCJkZWxldGUiOjEyMDAwMDAwMDAwMDAsInVwZGF0ZSI6MTIwMDAwMDAwMDAwMH19"
        }
      ]
    },
    {
      "mode": "managed",
      "type": "google_compute_router",
      "name": "router",
      "provider": "provider[\"registry.terraform.io/hashicorp/google\"]",
      "instances": [
        {
          "schema_version": 0,
          "attributes": {
            "bgp": [],
            "creation_timestamp": "2025-12-07T07:56:01.340-08:00",
            "description": "",
            "encrypted_interconnect_router": false,
            "id": "projects/apt-subset-427519-g1/regions/europe-west9/routers/k8s-router",
            "md5_authentication_keys": [],
            "name": "k8s-router",
            "network": "https://www.googleapis.com/compute/v1/projects/apt-subset-427519-g1/global/networks/k8s-vpc",
            "params": [],
            "project": "apt-subset-427519-g1",
            "region": "europe-west9",
            "self_link": "https://www.googleapis.com/compute/v1/projects/apt-subset-427519-g1/regions/europe-west9/routers/k8s-router",
            "timeouts": null
          },
          "sensitive_attributes": [],
          "identity_schema_version": 0,
          "private": "eyJlMmJmYjczMC1lY2FhLTExZTYtOGY4OC0zNDM2M2JjN2M0YzAiOnsiY3JlYXRlIjoxMjAwMDAwMDAwMDAwLCJkZWxldGUiOjEyMDAwMDAwMDAwMDAsInVwZGF0ZSI6MTIwMDAwMDAwMDAwMH19",
          "dependencies": [
            "google_compute_network.vpc"
          ]
        }
      ]
    },
    {
      "mode": "managed",
      "type": "google_compute_router_nat",
      "name": "nat",
      "provider": "provider[\"registry.terraform.io/hashicorp/google\"]",
      "instances": [
        {
          "schema_version": 0,
          "attributes": {
            "auto_network_tier": null,
            "drain_nat_ips": [],
            "enable_dynamic_port_allocation": false,
            "enable_endpoint_independent_mapping": false,
            "endpoint_types": [
              "ENDPOINT_TYPE_VM"
            ],
            "icmp_idle_timeout_sec": 30,
            "id": "apt-subset-427519-g1/europe-west9/k8s-router/k8s-nat",
            "initial_nat_ips": null,
            "log_config": [],
            "max_ports_per_vm": 0,
            "min_ports_per_vm": 0,
            "name": "k8s-nat",
            "nat64_subnetwork": [],
            "nat_ip_allocate_option": "AUTO_ONLY",
            "nat_ips": [],
            "project": "apt-subset-427519-g1",
            "region": "europe-west9",
            "router": "k8s-router",
            "rules": [],
            "source_subnetwork_ip_ranges_to_nat": "ALL_SUBNETWORKS_ALL_IP_RANGES",
            "source_subnetwork_ip_ranges_to_nat64": "",
            "subnetwork": [],
            "tcp_established_idle_timeout_sec": 1200,
            "tcp_time_wait_timeout_sec": 120,
            "tcp_transitory_idle_timeout_sec": 30,
            "timeouts": null,
            "type": "PUBLIC",
            "udp_idle_timeout_sec": 30
          },
          "sensitive_attributes": [],
          "identity_schema_version": 0,
          "private": "eyJlMmJmYjczMC1lY2FhLTExZTYtOGY4OC0zNDM2M2JjN2M0YzAiOnsiY3JlYXRlIjoxMjAwMDAwMDAwMDAwLCJkZWxldGUiOjEyMDAwMDAwMDAwMDAsInVwZGF0ZSI6MTIwMDAwMDAwMDAwMH19",
          "dependencies": [
            "google_compute_network.vpc",
            "google_compute_router.router"
          ]
        }
      ]
    },
    {
      "mode": "managed",
      "type": "google_compute_subnetwork",
      "name": "subnet",
      "provider": "provider[\"registry.terraform.io/hashicorp/google\"]",
      "instances": [
        {
          "schema_version": 0,
          "attributes": {
            "creation_timestamp": "2025-12-07T07:56:02.017-08:00",
            "description": "",
            "external_ipv6_prefix": "",
            "fingerprint": null,
            "gateway_address": "10.240.0.1",
            "id": "projects/apt-subset-427519-g1/regions/europe-west9/subnetworks/k8s-subnet",
            "internal_ipv6_prefix": "",
            "ip_cidr_range": "10.240.0.0/24",
            "ip_collection": null,
            "ipv6_access_type": "",
            "ipv6_cidr_range": "",
            "ipv6_gce_endpoint": "",
            "log_config": [],
            "name": "k8s-subnet",
            "network": "https://www.googleapis.com/compute/v1/projects/apt-subset-427519-g1/global/networks/k8s-vpc",
            "params": [],
            "private_ip_google_access": false,
            "private_ipv6_google_access": "DISABLE_GOOGLE_ACCESS",
            "project": "apt-subset-427519-g1",
            "purpose": "PRIVATE",
            "region": "europe-west9",
            "reserved_internal_range": "",
            "role": "",
            "secondary_ip_range": [],
            "self_link": "https://www.googleapis.com/compute/v1/projects/apt-subset-427519-g1/regions/europe-west9/subnetworks/k8s-subnet",
            "send_secondary_ip_range_if_empty": null,
            "stack_type": "IPV4_ONLY",
            "state": "",
            "subnetwork_id": 7975303892891606397,
            "timeouts": null
          },
          "sensitive_attributes": [],
          "identity_schema_version": 0,
          "private": "eyJlMmJmYjczMC1lY2FhLTExZTYtOGY4OC0zNDM2M2JjN2M0YzAiOnsiY3JlYXRlIjoxMjAwMDAwMDAwMDAwLCJkZWxldGUiOjEyMDAwMDAwMDAwMDAsInVwZGF0ZSI6MTIwMDAwMDAwMDAwMH19",
          "dependencies": [
            "google_compute_network.vpc"
          ]
        }
      ]
    },
    {
      "mode": "managed",
      "type": "local_sensitive_file",
      "name": "private_key",
      "provider": "provider[\"registry.terraform.io/hashicorp/local\"]",
      "instances": [
        {
          "schema_version": 0,
          "attributes": {
            "content": "-----BEGIN RSA PRIVATE KEY-----\nMIIJKQIBAAKCAgEA7JL703dYbssrSgffPDZcjuFmFtl8t1A+U2vcPjywCwXWHLrq\n2b7Im73GwCIzUo41C9r96GjBXKxjEA0rqNED+oMZClsaENZMNMaDcGmmjUZcSQOk\n9QhIqu9YrzQhloq7zgs2N02kP8S8eixAf+Yd4zCui69HrAvoo4/uY3+ceywmp7D6\n/7UK6B6uqvRA4a9MX/L0OmnYEo/r+yD8pPX0Of1OvGcldqEAJw7mmtSV3AmaykgQ\nZpSTMUe7t0tPbZRYXVFMPpwoO7Vb7x+A1Rl/9r5PTnVbBF8lCQEhz07CZinEQGXu\npj35D1TEk1lLQl6RBsLhd98gDLmanbb9YvQipBaAw52gBwUMD0S4v8Y3ydq1jknq\nFOxHnKldFE3/bf3haXgBrjUonWle6W4u3FCiMHCOmxPuBb5ojyl9kSiI8eLYC+yM\nSqtpEEuUySuQjHgdqgmhmal+r615IOy5f5vg6vgdIpr9xLgfwrQhu/YHDbnZBHZ5\nElojs+QnMXFcyfypHWA2dy8fsbkzD/BcVceoCZ+ny0+coSuAzucta3nFWJ++Baes\nX5uJ1ywRNSmKgMw2iek3UcEz8/sahILrDzM5To9z6qXE/gr6X5Sv2xMvOu61sVEH\nwS9dwJORm6TE3O1KeMR3+6pbj5qOqWJM7d+nD6869Td6GYvF4yUdC3DddCcCAwEA\nAQKCAgAmvmepmTkNZA6h4CoqJUkBSV67zUCEkQq0BM0cEDpQg9Mt/1qo8HrQLsNX\nAgLfuVRsrZ+5qTZJpB3RKicFTb3WEBRQwtzA9yeh2QT7qwHQzz4b4xHn40RrYiln\nACWkDvJ06xck9X05yFGJvKePirNIWterHrihL44ZA2BqQSLydSebfPuOVysDGstG\nShw6GchrSlG/I0h0ucdO6HcX2QP3X0m+xzG2fOWWf/U6VCh60cPc7vJoqlp0zqeq\nfBX0/z99gOv4sQBRzwDQZ5tkyvlPApngYo3WaHKbR+kul1p0+tAeL9NmvG2Gmj5b\nV1tg8jXUIqRkSlFoZBkzTR2wUAVAA6RCPW0qMxiJoeKDHqkodsq0D9TWYvploEw4\nIQS9YCfIh8mTUBNmYbUyic3JFLpD7/R/O91hxcE8GoIj6AGufF2AM0OqDexzAzCW\nqkZ37mjpamVtys3S0UdF6Ko196Xn6yL/9/eoRpR6nwjMzh7Z/YK3FyMAy1o57BYg\nF20fJVSziRaUfG2uOGu361v9KlUoJTN5RqetKAr6PgNy1OClSXN/rK2MHT9Nhfu3\nos1CxDmiNkXcsG5mN1sLOcdDiHMkMhJi3/HT24VE2V6QdQgRTPTORFtGqJJSmxOZ\n8olvPtwbRAWf9hJRaZtOGmygvgIepIoPt6oFSWc7d/waaena+QKCAQEA8Xvrj123\nKWYbbIruSccRx85/8UX86kD40Cnl2gHmZHLZg14FEG29x7yZoVWM9uG7A7y2c8IY\ne3Sk0BtDRjwLNgH2Ueq31uqAN0zUNWk9n1qeNRbhHQBS6QbjabKmVgisbf5sUJS+\nIc/8VCnHMIU1NA4NgPrDZhNPV0se+L9u8R8K7SSHkMs36SAF29Ajfo/N5xlsdaXF\nOTfiTR/PhUvf7svJTMxIxkxNC+7SdiW3HE1Xn2OyuojIy9BQDjR62UCHIbcZ4Xtm\nirYHIHgy8KNE6ipL2t59APtO6bkL7vSpD1klnQLaW2d2uJ+sKOf+Mj+LFdAaKrE3\nsXw4oezwcOZbLQKCAQEA+suB4xoJD11tEopi9AzA8qavEeY6sVEpfyPDWnjhkgKd\n/Zrhg2d0DsoRC+GQvVkeDRfAB1C9E/Djv5UlZ3lfaUPJ4W0Xn0TwTjPUXAtxvp/M\nL8c6ZEnyB1kYnWFHeI5vB2otHteYpi3IDlypZvGKYDvEzWucP4e9cB4EjW6d18LR\ngaQDiM/SOoCCrCar03NV1Hi/4IAzm6cDJE4JSIQzZlfjerxjYL0mxse8A0ycz4E9\njHFONaeBAkaKrxclwhF5VUywp42lNRt6kgvGGi+lqTCoxGG5Dtpjy85H3ZzUz5+O\n7GEqql7MS+/nBlWSYNgCwkhJ2PYVE3Klc2JsSTURIwKCAQEAnOfO9DWJaI3e7dUL\n5cZCaFhly4iVQER9JwzCO7gWUlhJutDha35S3LBQBoNG97dOQ6xfxLFuJPFykYHV\nYZJsGmiF+04Oq8dtDgGOtTGvh5Ziy84U8TofpSgDpc8dwzMZjtLM4EL1k5THuIv4\n0C8Nlcg3wAGv6uhLGkZGVoxUcrmf6NxedZeFuaVECUKhfX/E4w8i6QKQNpB4K3Kq\n7UqSs1+YaZ0nACndug4wk/IHm40pjPhDzm5IQh4VllVFKVqDM0X8vATpaOHDmbZg\nKvl7MsfOx+Texj+EU9sXxOkV3FIpXW7YIKIGgwnE3EN5aH7fSYoRJoJF1L4JMjV5\nOXKD9QKCAQEAxeHZBFXAnEz9CMoENcfyXgNC036zBMGjWlvfgf0rDkfeXQHdug7g\nteKd/J/n0l8EpRP+QkdkSN2i9cE6mCBeNfJ00dd/8f01Fp8yicXF48C2HWS3H/Zw\nb3fPQi5FdEv+Mv2FyHYYTdaFqT9XspAWvMOsDuE/kakKwfINaYLELD/disrctxAz\nMlG/yRFiNh8ks9bqnrrI/aGTiwu/q2YUIEZsiKUoTGYyuFlUcc37VIcHB09HhHI8\nCo2aU3iSJEQhVjqCkFHk7rhVx/JeRr8dmRd5sinhGGUcpOyIK8XY7FFbNguc3Hyb\n+ba6tHbEXoFR+/WJvxS7oHKvNRGNm12xvQKCAQBEi/J8aTDWB+uJpJsC21d8kiH3\nXl1zVnH0x/6nFswMB7xYD17cVzu0K5W9SoENF1tYnFA4UNM+we7PFVV0ebisfTeF\no13wbBMCzXGwkJuMao7en3Wm16BVGBCu2yjPUnNr5JhqeUppWgmtO/jju5apfa9h\nT3fGOqegw6qk8POJegP04u8cVeKiVSkFhxii6Ky3b3/xGWQ9yjcA2CRF5+COtAzy\n7swixKA/OUhw1nQJahw7RgLFulgZnjMl2pzIDplnXjFhw8b5u1VnUQ/wIkAHcbnM\nr7t0EdqMzt8hWk3BhKJ+FZrXI2B548C/S4qYJKgXZgZCbslbhYVjv0VheHC8\n-----END RSA PRIVATE KEY-----\n",
            "content_base64": null,
            "content_base64sha256": "EhGYYhGQ0XfFH4v94GUAjE57ENJQCfe9X4xNcYCsXEA=",
            "content_base64sha512": "7pWQXfHTANJRii/u/iqfiF5otbx5JP8+S8M+eGODNOVZHDZwOqtDieuTGze47D4rXSPhWLPLiZemazTxesmICA==",
            "content_md5": "f747633fca5077373931597b9ffd7f77",
            "content_sha1": "478c0022e7cc23283d25e9f0f9a87b1e96a61e99",
            "content_sha256": "121198621190d177c51f8bfde065008c4e7b10d25009f7bd5f8c4d7180ac5c40",
            "content_sha512": "ee95905df1d300d2518a2feefe2a9f885e68b5bc7924ff3e4bc33e78638334e5591c36703aab4389eb931b37b8ec3e2b5d23e158b3cb8997a66b34f17ac98808",
            "directory_permission": "0700",
            "file_permission": "0600",
            "filename": "./../config/id_rsa_gcp",
            "id": "478c0022e7cc23283d25e9f0f9a87b1e96a61e99",
            "source": null
          },
          "sensitive_attributes": [
            [
              {
                "type": "get_attr",
                "value": "content"
              }
            ],
            [
              {
                "type": "get_attr",
                "value": "content_base64"
              }
            ]
          ],
          "identity_schema_version": 0,
          "dependencies": [
            "tls_private_key.ssh_key"
          ]
        }
      ]
    },
    {
      "mode": "managed",
      "type": "tls_private_key",
      "name": "ssh_key",
      "provider": "provider[\"registry.terraform.io/hashicorp/tls\"]",
      "instances": [
        {
          "schema_version": 1,
          "attributes": {
            "algorithm": "RSA",
            "ecdsa_curve": "P224",
            "id": "d40701d7bc35ec6d984b9e9c9217a7a43bc1a5ae",
            "private_key_openssh": "-----BEGIN OPENSSH PRIVATE KEY-----\nb3BlbnNzaC1rZXktdjEAAAAABG5vbmUAAAAEbm9uZQAAAAAAAAABAAACFwAAAAdz\nc2gtcnNhAAAAAwEAAQAAAgEA7JL703dYbssrSgffPDZcjuFmFtl8t1A+U2vcPjyw\nCwXWHLrq2b7Im73GwCIzUo41C9r96GjBXKxjEA0rqNED+oMZClsaENZMNMaDcGmm\njUZcSQOk9QhIqu9YrzQhloq7zgs2N02kP8S8eixAf+Yd4zCui69HrAvoo4/uY3+c\neywmp7D6/7UK6B6uqvRA4a9MX/L0OmnYEo/r+yD8pPX0Of1OvGcldqEAJw7mmtSV\n3AmaykgQZpSTMUe7t0tPbZRYXVFMPpwoO7Vb7x+A1Rl/9r5PTnVbBF8lCQEhz07C\nZinEQGXupj35D1TEk1lLQl6RBsLhd98gDLmanbb9YvQipBaAw52gBwUMD0S4v8Y3\nydq1jknqFOxHnKldFE3/bf3haXgBrjUonWle6W4u3FCiMHCOmxPuBb5ojyl9kSiI\n8eLYC+yMSqtpEEuUySuQjHgdqgmhmal+r615IOy5f5vg6vgdIpr9xLgfwrQhu/YH\nDbnZBHZ5Elojs+QnMXFcyfypHWA2dy8fsbkzD/BcVceoCZ+ny0+coSuAzucta3nF\nWJ++BaesX5uJ1ywRNSmKgMw2iek3UcEz8/sahILrDzM5To9z6qXE/gr6X5Sv2xMv\nOu61sVEHwS9dwJORm6TE3O1KeMR3+6pbj5qOqWJM7d+nD6869Td6GYvF4yUdC3Dd\ndCcAAAc4WZouEFmaLhAAAAAHc3NoLXJzYQAAAgEA7JL703dYbssrSgffPDZcjuFm\nFtl8t1A+U2vcPjywCwXWHLrq2b7Im73GwCIzUo41C9r96GjBXKxjEA0rqNED+oMZ\nClsaENZMNMaDcGmmjUZcSQOk9QhIqu9YrzQhloq7zgs2N02kP8S8eixAf+Yd4zCu\ni69HrAvoo4/uY3+ceywmp7D6/7UK6B6uqvRA4a9MX/L0OmnYEo/r+yD8pPX0Of1O\nvGcldqEAJw7mmtSV3AmaykgQZpSTMUe7t0tPbZRYXVFMPpwoO7Vb7x+A1Rl/9r5P\nTnVbBF8lCQEhz07CZinEQGXupj35D1TEk1lLQl6RBsLhd98gDLmanbb9YvQipBaA\nw52gBwUMD0S4v8Y3ydq1jknqFOxHnKldFE3/bf3haXgBrjUonWle6W4u3FCiMHCO\nmxPuBb5ojyl9kSiI8eLYC+yMSqtpEEuUySuQjHgdqgmhmal+r615IOy5f5vg6vgd\nIpr9xLgfwrQhu/YHDbnZBHZ5Elojs+QnMXFcyfypHWA2dy8fsbkzD/BcVceoCZ+n\ny0+coSuAzucta3nFWJ++BaesX5uJ1ywRNSmKgMw2iek3UcEz8/sahILrDzM5To9z\n6qXE/gr6X5Sv2xMvOu61sVEHwS9dwJORm6TE3O1KeMR3+6pbj5qOqWJM7d+nD686\n9Td6GYvF4yUdC3DddCcAAAADAQABAAACACa+Z6mZOQ1kDqHgKiolSQFJXrvNQISR\nCrQEzRwQOlCD0y3/WqjwetAuw1cCAt+5VGytn7mpNkmkHdEqJwVNvdYQFFDC3MD3\nJ6HZBPurAdDPPhvjEefjRGtiKWcAJaQO8nTrFyT1fTnIUYm8p4+Ks0ha16seuKEv\njhkDYGpBIvJ1J5t8+45XKwMay0ZKHDoZyGtKUb8jSHS5x07odxfZA/dfSb7HMbZ8\n5ZZ/9TpUKHrRw9zu8miqWnTOp6p8FfT/P32A6/ixAFHPANBnm2TK+U8CmeBijdZo\ncptH6S6XWnT60B4v02a8bYaaPltXW2DyNdQipGRKUWhkGTNNHbBQBUADpEI9bSoz\nGImh4oMeqSh2yrQP1NZi+mWgTDghBL1gJ8iHyZNQE2ZhtTKJzckUukPv9H873WHF\nwTwagiPoAa58XYAzQ6oN7HMDMJaqRnfuaOlqZW3KzdLRR0XoqjX3pefrIv/396hG\nlHqfCMzOHtn9grcXIwDLWjnsFiAXbR8lVLOJFpR8ba44a7frW/0qVSglM3lGp60o\nCvo+A3LU4KVJc3+srYwdP02F+7eizULEOaI2RdywbmY3Wws5x0OIcyQyEmLf8dPb\nhUTZXpB1CBFM9M5EW0aoklKbE5nyiW8+3BtEBZ/2ElFpm04abKC+Ah6kig+3qgVJ\nZzt3/Bpp6dr5AAABAESL8nxpMNYH64mkmwLbV3ySIfdeXXNWcfTH/qcWzAwHvFgP\nXtxXO7Qrlb1KgQ0XW1icUDhQ0z7B7s8VVXR5uKx9N4WjXfBsEwLNcbCQm4xqjt6f\ndabXoFUYEK7bKM9Sc2vkmGp5SmlaCa07+OO7lql9r2FPd8Y6p6DDqqTw84l6A/Ti\n7xxV4qJVKQWHGKLorLdvf/EZZD3KNwDYJEXn4I60DPLuzCLEoD85SHDWdAlqHDtG\nAsW6WBmeMyXanMgOmWdeMWHDxvm7VWdRD/AiQAdxucyvu3QR2ozO3yFaTcGEon4V\nmtcjYHnjwL9LipgkqBdmBkJuyVuFhWO/RWF4cLwAAAEBAPF7649dtylmG2yK7knH\nEcfOf/FF/OpA+NAp5doB5mRy2YNeBRBtvce8maFVjPbhuwO8tnPCGHt0pNAbQ0Y8\nCzYB9lHqt9bqgDdM1DVpPZ9anjUW4R0AUukG42myplYIrG3+bFCUviHP/FQpxzCF\nNTQODYD6w2YTT1dLHvi/bvEfCu0kh5DLN+kgBdvQI36PzecZbHWlxTk34k0fz4VL\n3+7LyUzMSMZMTQvu0nYltxxNV59jsrqIyMvQUA40etlAhyG3GeF7Zoq2ByB4MvCj\nROoqS9refQD7Tum5C+70qQ9ZJZ0C2ltndrifrCjn/jI/ixXQGiqxN7F8OKHs8HDm\nWy0AAAEBAPrLgeMaCQ9dbRKKYvQMwPKmrxHmOrFRKX8jw1p44ZICnf2a4YNndA7K\nEQvhkL1ZHg0XwAdQvRPw47+VJWd5X2lDyeFtF59E8E4z1FwLcb6fzC/HOmRJ8gdZ\nGJ1hR3iObwdqLR7XmKYtyA5cqWbximA7xM1rnD+HvXAeBI1undfC0YGkA4jP0jqA\ngqwmq9NzVdR4v+CAM5unAyROCUiEM2ZX43q8Y2C9JsbHvANMnM+BPYxxTjWngQJG\niq8XJcIReVVMsKeNpTUbepILxhovpakwqMRhuQ7aY8vOR92c1M+fjuxhKqpezEvv\n5wZVkmDYAsJISdj2FRNypXNibEk1ESMAAAAAAQID\n-----END OPENSSH PRIVATE KEY-----\n",
            "private_key_pem": "-----BEGIN RSA PRIVATE KEY-----\nMIIJKQIBAAKCAgEA7JL703dYbssrSgffPDZcjuFmFtl8t1A+U2vcPjywCwXWHLrq\n2b7Im73GwCIzUo41C9r96GjBXKxjEA0rqNED+oMZClsaENZMNMaDcGmmjUZcSQOk\n9QhIqu9YrzQhloq7zgs2N02kP8S8eixAf+Yd4zCui69HrAvoo4/uY3+ceywmp7D6\n/7UK6B6uqvRA4a9MX/L0OmnYEo/r+yD8pPX0Of1OvGcldqEAJw7mmtSV3AmaykgQ\nZpSTMUe7t0tPbZRYXVFMPpwoO7Vb7x+A1Rl/9r5PTnVbBF8lCQEhz07CZinEQGXu\npj35D1TEk1lLQl6RBsLhd98gDLmanbb9YvQipBaAw52gBwUMD0S4v8Y3ydq1jknq\nFOxHnKldFE3/bf3haXgBrjUonWle6W4u3FCiMHCOmxPuBb5ojyl9kSiI8eLYC+yM\nSqtpEEuUySuQjHgdqgmhmal+r615IOy5f5vg6vgdIpr9xLgfwrQhu/YHDbnZBHZ5\nElojs+QnMXFcyfypHWA2dy8fsbkzD/BcVceoCZ+ny0+coSuAzucta3nFWJ++Baes\nX5uJ1ywRNSmKgMw2iek3UcEz8/sahILrDzM5To9z6qXE/gr6X5Sv2xMvOu61sVEH\nwS9dwJORm6TE3O1KeMR3+6pbj5qOqWJM7d+nD6869Td6GYvF4yUdC3DddCcCAwEA\nAQKCAgAmvmepmTkNZA6h4CoqJUkBSV67zUCEkQq0BM0cEDpQg9Mt/1qo8HrQLsNX\nAgLfuVRsrZ+5qTZJpB3RKicFTb3WEBRQwtzA9yeh2QT7qwHQzz4b4xHn40RrYiln\nACWkDvJ06xck9X05yFGJvKePirNIWterHrihL44ZA2BqQSLydSebfPuOVysDGstG\nShw6GchrSlG/I0h0ucdO6HcX2QP3X0m+xzG2fOWWf/U6VCh60cPc7vJoqlp0zqeq\nfBX0/z99gOv4sQBRzwDQZ5tkyvlPApngYo3WaHKbR+kul1p0+tAeL9NmvG2Gmj5b\nV1tg8jXUIqRkSlFoZBkzTR2wUAVAA6RCPW0qMxiJoeKDHqkodsq0D9TWYvploEw4\nIQS9YCfIh8mTUBNmYbUyic3JFLpD7/R/O91hxcE8GoIj6AGufF2AM0OqDexzAzCW\nqkZ37mjpamVtys3S0UdF6Ko196Xn6yL/9/eoRpR6nwjMzh7Z/YK3FyMAy1o57BYg\nF20fJVSziRaUfG2uOGu361v9KlUoJTN5RqetKAr6PgNy1OClSXN/rK2MHT9Nhfu3\nos1CxDmiNkXcsG5mN1sLOcdDiHMkMhJi3/HT24VE2V6QdQgRTPTORFtGqJJSmxOZ\n8olvPtwbRAWf9hJRaZtOGmygvgIepIoPt6oFSWc7d/waaena+QKCAQEA8Xvrj123\nKWYbbIruSccRx85/8UX86kD40Cnl2gHmZHLZg14FEG29x7yZoVWM9uG7A7y2c8IY\ne3Sk0BtDRjwLNgH2Ueq31uqAN0zUNWk9n1qeNRbhHQBS6QbjabKmVgisbf5sUJS+\nIc/8VCnHMIU1NA4NgPrDZhNPV0se+L9u8R8K7SSHkMs36SAF29Ajfo/N5xlsdaXF\nOTfiTR/PhUvf7svJTMxIxkxNC+7SdiW3HE1Xn2OyuojIy9BQDjR62UCHIbcZ4Xtm\nirYHIHgy8KNE6ipL2t59APtO6bkL7vSpD1klnQLaW2d2uJ+sKOf+Mj+LFdAaKrE3\nsXw4oezwcOZbLQKCAQEA+suB4xoJD11tEopi9AzA8qavEeY6sVEpfyPDWnjhkgKd\n/Zrhg2d0DsoRC+GQvVkeDRfAB1C9E/Djv5UlZ3lfaUPJ4W0Xn0TwTjPUXAtxvp/M\nL8c6ZEnyB1kYnWFHeI5vB2otHteYpi3IDlypZvGKYDvEzWucP4e9cB4EjW6d18LR\ngaQDiM/SOoCCrCar03NV1Hi/4IAzm6cDJE4JSIQzZlfjerxjYL0mxse8A0ycz4E9\njHFONaeBAkaKrxclwhF5VUywp42lNRt6kgvGGi+lqTCoxGG5Dtpjy85H3ZzUz5+O\n7GEqql7MS+/nBlWSYNgCwkhJ2PYVE3Klc2JsSTURIwKCAQEAnOfO9DWJaI3e7dUL\n5cZCaFhly4iVQER9JwzCO7gWUlhJutDha35S3LBQBoNG97dOQ6xfxLFuJPFykYHV\nYZJsGmiF+04Oq8dtDgGOtTGvh5Ziy84U8TofpSgDpc8dwzMZjtLM4EL1k5THuIv4\n0C8Nlcg3wAGv6uhLGkZGVoxUcrmf6NxedZeFuaVECUKhfX/E4w8i6QKQNpB4K3Kq\n7UqSs1+YaZ0nACndug4wk/IHm40pjPhDzm5IQh4VllVFKVqDM0X8vATpaOHDmbZg\nKvl7MsfOx+Texj+EU9sXxOkV3FIpXW7YIKIGgwnE3EN5aH7fSYoRJoJF1L4JMjV5\nOXKD9QKCAQEAxeHZBFXAnEz9CMoENcfyXgNC036zBMGjWlvfgf0rDkfeXQHdug7g\nteKd/J/n0l8EpRP+QkdkSN2i9cE6mCBeNfJ00dd/8f01Fp8yicXF48C2HWS3H/Zw\nb3fPQi5FdEv+Mv2FyHYYTdaFqT9XspAWvMOsDuE/kakKwfINaYLELD/disrctxAz\nMlG/yRFiNh8ks9bqnrrI/aGTiwu/q2YUIEZsiKUoTGYyuFlUcc37VIcHB09HhHI8\nCo2aU3iSJEQhVjqCkFHk7rhVx/JeRr8dmRd5sinhGGUcpOyIK8XY7FFbNguc3Hyb\n+ba6tHbEXoFR+/WJvxS7oHKvNRGNm12xvQKCAQBEi/J8aTDWB+uJpJsC21d8kiH3\nXl1zVnH0x/6nFswMB7xYD17cVzu0K5W9SoENF1tYnFA4UNM+we7PFVV0ebisfTeF\no13wbBMCzXGwkJuMao7en3Wm16BVGBCu2yjPUnNr5JhqeUppWgmtO/jju5apfa9h\nT3fGOqegw6qk8POJegP04u8cVeKiVSkFhxii6Ky3b3/xGWQ9yjcA2CRF5+COtAzy\n7swixKA/OUhw1nQJahw7RgLFulgZnjMl2pzIDplnXjFhw8b5u1VnUQ/wIkAHcbnM\nr7t0EdqMzt8hWk3BhKJ+FZrXI2B548C/S4qYJKgXZgZCbslbhYVjv0VheHC8\n-----END RSA PRIVATE KEY-----\n",
            "private_key_pem_pkcs8": "-----BEGIN PRIVATE KEY-----\nMIIJQwIBADANBgkqhkiG9w0BAQEFAASCCS0wggkpAgEAAoICAQDskvvTd1huyytK\nB988NlyO4WYW2Xy3UD5Ta9w+PLALBdYcuurZvsibvcbAIjNSjjUL2v3oaMFcrGMQ\nDSuo0QP6gxkKWxoQ1kw0xoNwaaaNRlxJA6T1CEiq71ivNCGWirvOCzY3TaQ/xLx6\nLEB/5h3jMK6Lr0esC+ijj+5jf5x7LCansPr/tQroHq6q9EDhr0xf8vQ6adgSj+v7\nIPyk9fQ5/U68ZyV2oQAnDuaa1JXcCZrKSBBmlJMxR7u3S09tlFhdUUw+nCg7tVvv\nH4DVGX/2vk9OdVsEXyUJASHPTsJmKcRAZe6mPfkPVMSTWUtCXpEGwuF33yAMuZqd\ntv1i9CKkFoDDnaAHBQwPRLi/xjfJ2rWOSeoU7EecqV0UTf9t/eFpeAGuNSidaV7p\nbi7cUKIwcI6bE+4FvmiPKX2RKIjx4tgL7IxKq2kQS5TJK5CMeB2qCaGZqX6vrXkg\n7Ll/m+Dq+B0imv3EuB/CtCG79gcNudkEdnkSWiOz5CcxcVzJ/KkdYDZ3Lx+xuTMP\n8FxVx6gJn6fLT5yhK4DO5y1recVYn74Fp6xfm4nXLBE1KYqAzDaJ6TdRwTPz+xqE\ngusPMzlOj3PqpcT+CvpflK/bEy867rWxUQfBL13Ak5GbpMTc7Up4xHf7qluPmo6p\nYkzt36cPrzr1N3oZi8XjJR0LcN10JwIDAQABAoICACa+Z6mZOQ1kDqHgKiolSQFJ\nXrvNQISRCrQEzRwQOlCD0y3/WqjwetAuw1cCAt+5VGytn7mpNkmkHdEqJwVNvdYQ\nFFDC3MD3J6HZBPurAdDPPhvjEefjRGtiKWcAJaQO8nTrFyT1fTnIUYm8p4+Ks0ha\n16seuKEvjhkDYGpBIvJ1J5t8+45XKwMay0ZKHDoZyGtKUb8jSHS5x07odxfZA/df\nSb7HMbZ85ZZ/9TpUKHrRw9zu8miqWnTOp6p8FfT/P32A6/ixAFHPANBnm2TK+U8C\nmeBijdZocptH6S6XWnT60B4v02a8bYaaPltXW2DyNdQipGRKUWhkGTNNHbBQBUAD\npEI9bSozGImh4oMeqSh2yrQP1NZi+mWgTDghBL1gJ8iHyZNQE2ZhtTKJzckUukPv\n9H873WHFwTwagiPoAa58XYAzQ6oN7HMDMJaqRnfuaOlqZW3KzdLRR0XoqjX3pefr\nIv/396hGlHqfCMzOHtn9grcXIwDLWjnsFiAXbR8lVLOJFpR8ba44a7frW/0qVSgl\nM3lGp60oCvo+A3LU4KVJc3+srYwdP02F+7eizULEOaI2RdywbmY3Wws5x0OIcyQy\nEmLf8dPbhUTZXpB1CBFM9M5EW0aoklKbE5nyiW8+3BtEBZ/2ElFpm04abKC+Ah6k\nig+3qgVJZzt3/Bpp6dr5AoIBAQDxe+uPXbcpZhtsiu5JxxHHzn/xRfzqQPjQKeXa\nAeZkctmDXgUQbb3HvJmhVYz24bsDvLZzwhh7dKTQG0NGPAs2AfZR6rfW6oA3TNQ1\naT2fWp41FuEdAFLpBuNpsqZWCKxt/mxQlL4hz/xUKccwhTU0Dg2A+sNmE09XSx74\nv27xHwrtJIeQyzfpIAXb0CN+j83nGWx1pcU5N+JNH8+FS9/uy8lMzEjGTE0L7tJ2\nJbccTVefY7K6iMjL0FAONHrZQIchtxnhe2aKtgcgeDLwo0TqKkva3n0A+07puQvu\n9KkPWSWdAtpbZ3a4n6wo5/4yP4sV0BoqsTexfDih7PBw5lstAoIBAQD6y4HjGgkP\nXW0SimL0DMDypq8R5jqxUSl/I8NaeOGSAp39muGDZ3QOyhEL4ZC9WR4NF8AHUL0T\n8OO/lSVneV9pQ8nhbRefRPBOM9RcC3G+n8wvxzpkSfIHWRidYUd4jm8Hai0e15im\nLcgOXKlm8YpgO8TNa5w/h71wHgSNbp3XwtGBpAOIz9I6gIKsJqvTc1XUeL/ggDOb\npwMkTglIhDNmV+N6vGNgvSbGx7wDTJzPgT2McU41p4ECRoqvFyXCEXlVTLCnjaU1\nG3qSC8YaL6WpMKjEYbkO2mPLzkfdnNTPn47sYSqqXsxL7+cGVZJg2ALCSEnY9hUT\ncqVzYmxJNREjAoIBAQCc5870NYlojd7t1QvlxkJoWGXLiJVARH0nDMI7uBZSWEm6\n0OFrflLcsFAGg0b3t05DrF/EsW4k8XKRgdVhkmwaaIX7Tg6rx20OAY61Ma+HlmLL\nzhTxOh+lKAOlzx3DMxmO0szgQvWTlMe4i/jQLw2VyDfAAa/q6EsaRkZWjFRyuZ/o\n3F51l4W5pUQJQqF9f8TjDyLpApA2kHgrcqrtSpKzX5hpnScAKd26DjCT8gebjSmM\n+EPObkhCHhWWVUUpWoMzRfy8BOlo4cOZtmAq+Xsyx87H5N7GP4RT2xfE6RXcUild\nbtggogaDCcTcQ3loft9JihEmgkXUvgkyNXk5coP1AoIBAQDF4dkEVcCcTP0IygQ1\nx/JeA0LTfrMEwaNaW9+B/SsOR95dAd26DuC14p38n+fSXwSlE/5CR2RI3aL1wTqY\nIF418nTR13/x/TUWnzKJxcXjwLYdZLcf9nBvd89CLkV0S/4y/YXIdhhN1oWpP1ey\nkBa8w6wO4T+RqQrB8g1pgsQsP92Kyty3EDMyUb/JEWI2HySz1uqeusj9oZOLC7+r\nZhQgRmyIpShMZjK4WVRxzftUhwcHT0eEcjwKjZpTeJIkRCFWOoKQUeTuuFXH8l5G\nvx2ZF3myKeEYZRyk7IgrxdjsUVs2C5zcfJv5trq0dsRegVH79Ym/FLugcq81EY2b\nXbG9AoIBAESL8nxpMNYH64mkmwLbV3ySIfdeXXNWcfTH/qcWzAwHvFgPXtxXO7Qr\nlb1KgQ0XW1icUDhQ0z7B7s8VVXR5uKx9N4WjXfBsEwLNcbCQm4xqjt6fdabXoFUY\nEK7bKM9Sc2vkmGp5SmlaCa07+OO7lql9r2FPd8Y6p6DDqqTw84l6A/Ti7xxV4qJV\nKQWHGKLorLdvf/EZZD3KNwDYJEXn4I60DPLuzCLEoD85SHDWdAlqHDtGAsW6WBme\nMyXanMgOmWdeMWHDxvm7VWdRD/AiQAdxucyvu3QR2ozO3yFaTcGEon4VmtcjYHnj\nwL9LipgkqBdmBkJuyVuFhWO/RWF4cLw=\n-----END PRIVATE KEY-----\n",
            "public_key_fingerprint_md5": "37:ce:3e:67:69:27:e2:d0:22:d0:ef:92:7d:69:3c:3b",
            "public_key_fingerprint_sha256": "SHA256:/BO8VYB79E/XJZhYkOpQU2ihzQ9v9qi4l8ArH5Iih3U",
            "public_key_openssh": "ssh-rsa AAAAB3NzaC1yc2EAAAADAQABAAACAQDskvvTd1huyytKB988NlyO4WYW2Xy3UD5Ta9w+PLALBdYcuurZvsibvcbAIjNSjjUL2v3oaMFcrGMQDSuo0QP6gxkKWxoQ1kw0xoNwaaaNRlxJA6T1CEiq71ivNCGWirvOCzY3TaQ/xLx6LEB/5h3jMK6Lr0esC+ijj+5jf5x7LCansPr/tQroHq6q9EDhr0xf8vQ6adgSj+v7IPyk9fQ5/U68ZyV2oQAnDuaa1JXcCZrKSBBmlJMxR7u3S09tlFhdUUw+nCg7tVvvH4DVGX/2vk9OdVsEXyUJASHPTsJmKcRAZe6mPfkPVMSTWUtCXpEGwuF33yAMuZqdtv1i9CKkFoDDnaAHBQwPRLi/xjfJ2rWOSeoU7EecqV0UTf9t/eFpeAGuNSidaV7pbi7cUKIwcI6bE+4FvmiPKX2RKIjx4tgL7IxKq2kQS5TJK5CMeB2qCaGZqX6vrXkg7Ll/m+Dq+B0imv3EuB/CtCG79gcNudkEdnkSWiOz5CcxcVzJ/KkdYDZ3Lx+xuTMP8FxVx6gJn6fLT5yhK4DO5y1recVYn74Fp6xfm4nXLBE1KYqAzDaJ6TdRwTPz+xqEgusPMzlOj3PqpcT+CvpflK/bEy867rWxUQfBL13Ak5GbpMTc7Up4xHf7qluPmo6pYkzt36cPrzr1N3oZi8XjJR0LcN10Jw==\n",
            "public_key_pem": "-----BEGIN PUBLIC KEY-----\nMIICIjANBgkqhkiG9w0BAQEFAAOCAg8AMIICCgKCAgEA7JL703dYbssrSgffPDZc\njuFmFtl8t1A+U2vcPjywCwXWHLrq2b7Im73GwCIzUo41C9r96GjBXKxjEA0rqNED\n+oMZClsaENZMNMaDcGmmjUZcSQOk9QhIqu9YrzQhloq7zgs2N02kP8S8eixAf+Yd\n4zCui69HrAvoo4/uY3+ceywmp7D6/7UK6B6uqvRA4a9MX/L0OmnYEo/r+yD8pPX0\nOf1OvGcldqEAJw7mmtSV3AmaykgQZpSTMUe7t0tPbZRYXVFMPpwoO7Vb7x+A1Rl/\n9r5PTnVbBF8lCQEhz07CZinEQGXupj35D1TEk1lLQl6RBsLhd98gDLmanbb9YvQi\npBaAw52gBwUMD0S4v8Y3ydq1jknqFOxHnKldFE3/bf3haXgBrjUonWle6W4u3FCi\nMHCOmxPuBb5ojyl9kSiI8eLYC+yMSqtpEEuUySuQjHgdqgmhmal+r615IOy5f5vg\n6vgdIpr9xLgfwrQhu/YHDbnZBHZ5Elojs+QnMXFcyfypHWA2dy8fsbkzD/BcVceo\nCZ+ny0+coSuAzucta3nFWJ++BaesX5uJ1ywRNSmKgMw2iek3UcEz8/sahILrDzM5\nTo9z6qXE/gr6X5Sv2xMvOu61sVEHwS9dwJORm6TE3O1KeMR3+6pbj5qOqWJM7d+n\nD6869Td6GYvF4yUdC3DddCcCAwEAAQ==\n-----END PUBLIC KEY-----\n",
            "rsa_bits": 4096
          },
          "sensitive_attributes": [
            [
              {
                "type": "get_attr",
                "value": "private_key_openssh"
              }
            ],
            [
              {
                "type": "get_attr",
                "value": "private_key_pem"
              }
            ],
            [
              {
                "type": "get_attr",
                "value": "private_key_pem_pkcs8"
              }
            ]
          ],
          "identity_schema_version": 0
        }
      ]
    }
  ],
  "check_results": null
}
