{
  "version": 4,
  "terraform_version": "1.12.2",
  "serial": 82,
  "lineage": "32ccf78b-4a1f-9b6a-c5a4-46af90a7192a",
  "outputs": {
    "gateway_public_ip": {
      "value": "34.140.243.13",
      "type": "string"
    },
    "master_private_ip": {
      "value": "10.240.0.10",
      "type": "string"
    },
    "workers_private_ips": {
      "value": [
        "10.240.0.2",
        "10.240.0.5",
        "10.240.0.3"
      ],
      "type": [
        "tuple",
        [
          "string",
          "string",
          "string"
        ]
      ]
    }
  },
  "resources": [
    {
      "mode": "managed",
      "type": "google_compute_firewall",
      "name": "internal",
      "provider": "provider[\"registry.terraform.io/hashicorp/google\"]",
      "instances": [
        {
          "schema_version": 1,
          "attributes": {
            "allow": [
              {
                "ports": [],
                "protocol": "icmp"
              },
              {
                "ports": [],
                "protocol": "tcp"
              },
              {
                "ports": [],
                "protocol": "udp"
              }
            ],
            "creation_timestamp": "2025-12-11T09:29:20.800-08:00",
            "deny": [],
            "description": "",
            "destination_ranges": [],
            "direction": "INGRESS",
            "disabled": false,
            "enable_logging": null,
            "id": "projects/apt-subset-427519-g1/global/firewalls/allow-internal",
            "log_config": [],
            "name": "allow-internal",
            "network": "https://www.googleapis.com/compute/v1/projects/apt-subset-427519-g1/global/networks/k8s-vpc",
            "params": [],
            "priority": 1000,
            "project": "apt-subset-427519-g1",
            "self_link": "https://www.googleapis.com/compute/v1/projects/apt-subset-427519-g1/global/firewalls/allow-internal",
            "source_ranges": [
              "10.240.0.0/24"
            ],
            "source_service_accounts": null,
            "source_tags": null,
            "target_service_accounts": null,
            "target_tags": null,
            "timeouts": null
          },
          "sensitive_attributes": [],
          "identity_schema_version": 0,
          "private": "eyJlMmJmYjczMC1lY2FhLTExZTYtOGY4OC0zNDM2M2JjN2M0YzAiOnsiY3JlYXRlIjoxMjAwMDAwMDAwMDAwLCJkZWxldGUiOjEyMDAwMDAwMDAwMDAsInVwZGF0ZSI6MTIwMDAwMDAwMDAwMH0sInNjaGVtYV92ZXJzaW9uIjoiMSJ9",
          "dependencies": [
            "google_compute_network.vpc"
          ]
        }
      ]
    },
    {
      "mode": "managed",
      "type": "google_compute_firewall",
      "name": "ssh",
      "provider": "provider[\"registry.terraform.io/hashicorp/google\"]",
      "instances": [
        {
          "schema_version": 1,
          "attributes": {
            "allow": [
              {
                "ports": [
                  "22"
                ],
                "protocol": "tcp"
              }
            ],
            "creation_timestamp": "2025-12-11T09:29:20.893-08:00",
            "deny": [],
            "description": "",
            "destination_ranges": [],
            "direction": "INGRESS",
            "disabled": false,
            "enable_logging": null,
            "id": "projects/apt-subset-427519-g1/global/firewalls/allow-ssh-gateway",
            "log_config": [],
            "name": "allow-ssh-gateway",
            "network": "https://www.googleapis.com/compute/v1/projects/apt-subset-427519-g1/global/networks/k8s-vpc",
            "params": [],
            "priority": 1000,
            "project": "apt-subset-427519-g1",
            "self_link": "https://www.googleapis.com/compute/v1/projects/apt-subset-427519-g1/global/firewalls/allow-ssh-gateway",
            "source_ranges": [
              "0.0.0.0/0"
            ],
            "source_service_accounts": null,
            "source_tags": null,
            "target_service_accounts": null,
            "target_tags": [
              "gateway"
            ],
            "timeouts": null
          },
          "sensitive_attributes": [],
          "identity_schema_version": 0,
          "private": "eyJlMmJmYjczMC1lY2FhLTExZTYtOGY4OC0zNDM2M2JjN2M0YzAiOnsiY3JlYXRlIjoxMjAwMDAwMDAwMDAwLCJkZWxldGUiOjEyMDAwMDAwMDAwMDAsInVwZGF0ZSI6MTIwMDAwMDAwMDAwMH0sInNjaGVtYV92ZXJzaW9uIjoiMSJ9",
          "dependencies": [
            "google_compute_network.vpc"
          ]
        }
      ]
    },
    {
      "mode": "managed",
      "type": "google_compute_instance",
      "name": "gateway",
      "provider": "provider[\"registry.terraform.io/hashicorp/google\"]",
      "instances": [
        {
          "schema_version": 6,
          "attributes": {
            "advanced_machine_features": [],
            "allow_stopping_for_update": null,
            "attached_disk": [],
            "boot_disk": [
              {
                "auto_delete": true,
                "device_name": "persistent-disk-0",
                "disk_encryption_key_raw": "",
                "disk_encryption_key_rsa": "",
                "disk_encryption_key_sha256": "",
                "disk_encryption_service_account": "",
                "force_attach": false,
                "guest_os_features": [
                  "VIRTIO_SCSI_MULTIQUEUE",
                  "SEV_CAPABLE",
                  "SEV_SNP_CAPABLE",
                  "SEV_LIVE_MIGRATABLE",
                  "SEV_LIVE_MIGRATABLE_V2",
                  "IDPF",
                  "TDX_CAPABLE",
                  "UEFI_COMPATIBLE",
                  "GVNIC"
                ],
                "initialize_params": [
                  {
                    "architecture": "X86_64",
                    "enable_confidential_compute": false,
                    "image": "https://www.googleapis.com/compute/v1/projects/ubuntu-os-cloud/global/images/ubuntu-2204-jammy-v20251203",
                    "labels": {},
                    "provisioned_iops": 0,
                    "provisioned_throughput": 0,
                    "resource_manager_tags": null,
                    "resource_policies": [],
                    "size": 10,
                    "snapshot": "",
                    "source_image_encryption_key": [],
                    "source_snapshot_encryption_key": [],
                    "storage_pool": "",
                    "type": "pd-standard"
                  }
                ],
                "interface": "",
                "kms_key_self_link": "",
                "mode": "READ_WRITE",
                "source": "https://www.googleapis.com/compute/v1/projects/apt-subset-427519-g1/zones/europe-west1-b/disks/gateway"
              }
            ],
            "can_ip_forward": false,
            "confidential_instance_config": [],
            "cpu_platform": "Intel Broadwell",
            "creation_timestamp": "2025-12-11T09:29:43.745-08:00",
            "current_status": "RUNNING",
            "deletion_protection": false,
            "description": "",
            "desired_status": null,
            "effective_labels": {
              "goog-terraform-provisioned": "true"
            },
            "enable_display": false,
            "guest_accelerator": [],
            "hostname": "",
            "id": "projects/apt-subset-427519-g1/zones/europe-west1-b/instances/gateway",
            "instance_encryption_key": [],
            "instance_id": "4566375718557532520",
            "key_revocation_action_type": "",
            "label_fingerprint": "vezUS-42LLM=",
            "labels": null,
            "machine_type": "e2-medium",
            "metadata": {
              "ssh-keys": "ubuntu:ssh-rsa AAAAB3NzaC1yc2EAAAADAQABAAACAQCc1CFAdpDzqZ4ynEyZ/PgepSGoqmXePrOLN3aBAEFQvvbzIzsJ9yGinyE5boMq9i5CQs6F0HZ4bwTM8aUuJBWth785c399weT2f/5MmFmpiIAtPU3prAQwUdaRc0od/sV08U1eObp88Fe52hP/jmM+tOkES/HcUcFnoL55VfJUi/Ou4HgseAi02b6eJu/c45Un2uQmSvS8VJzRlSvfsfZ89KTw+vAVLLKpPQwK7qQ0xi6L3FV31z8TZrJybUTuGkUMe9etR19p7AMP9ciX0nbj7OC/8ivrnGbNHPfSsj8OeO5O7PISSvxD0Gce5U6RqpovUI9tDKeG1N+mwOjEk7atzt5/XBOUCaUM5SL/EIpmLp66S+TwkigYSPcU+fDd5IVvJZJxyQaCi27QpG3zyeKBns3fTeBFYgXdiFbj1Pd6IauhJ0yJEJ2zt9svRU+dhRsZzg/252Nu5J1LtBDWbhZr8ouawWau2Rb/zEFgLFxQ1vQHf0nAwUAsMLPWY1i7BODviJ5wmLhPfVEHYBGdPFesyTsZQNfTNOkenovPP9lv9U3iT9FtPHaj7EYB/xwm0KYLJV1kPZnVW4wwm6L2fDf8wRNYHwjNJbBT1nMIK0DXdJHSUa0gZLrcdnf/a7FCt55SIR/ymKtpKZCKBQZZC4mJpvg9ZIen5JalkEho6j6G0Q==\n"
            },
            "metadata_fingerprint": "rTnej5H8RJw=",
            "metadata_startup_script": null,
            "min_cpu_platform": "",
            "name": "gateway",
            "network_interface": [
              {
                "access_config": [
                  {
                    "nat_ip": "34.140.243.13",
                    "network_tier": "PREMIUM",
                    "public_ptr_domain_name": ""
                  }
                ],
                "alias_ip_range": [],
                "internal_ipv6_prefix_length": 0,
                "ipv6_access_config": [],
                "ipv6_access_type": "",
                "ipv6_address": "",
                "name": "nic0",
                "network": "https://www.googleapis.com/compute/v1/projects/apt-subset-427519-g1/global/networks/k8s-vpc",
                "network_attachment": "",
                "network_ip": "10.240.0.4",
                "nic_type": "",
                "queue_count": 0,
                "stack_type": "IPV4_ONLY",
                "subnetwork": "https://www.googleapis.com/compute/v1/projects/apt-subset-427519-g1/regions/europe-west1/subnetworks/k8s-subnet",
                "subnetwork_project": "apt-subset-427519-g1"
              }
            ],
            "network_performance_config": [],
            "params": [],
            "project": "apt-subset-427519-g1",
            "reservation_affinity": [],
            "resource_policies": null,
            "scheduling": [
              {
                "automatic_restart": true,
                "availability_domain": 0,
                "instance_termination_action": "",
                "local_ssd_recovery_timeout": [],
                "max_run_duration": [],
                "min_node_cpus": 0,
                "node_affinities": [],
                "on_host_maintenance": "MIGRATE",
                "on_instance_stop_action": [],
                "preemptible": false,
                "provisioning_model": "STANDARD",
                "termination_time": ""
              }
            ],
            "scratch_disk": [],
            "self_link": "https://www.googleapis.com/compute/v1/projects/apt-subset-427519-g1/zones/europe-west1-b/instances/gateway",
            "service_account": [],
            "shielded_instance_config": [
              {
                "enable_integrity_monitoring": true,
                "enable_secure_boot": false,
                "enable_vtpm": true
              }
            ],
            "tags": [
              "gateway"
            ],
            "tags_fingerprint": "UrM6jlsUTDs=",
            "terraform_labels": {
              "goog-terraform-provisioned": "true"
            },
            "timeouts": null,
            "zone": "europe-west1-b"
          },
          "sensitive_attributes": [
            [
              {
                "type": "get_attr",
                "value": "boot_disk"
              },
              {
                "type": "index",
                "value": {
                  "value": 0,
                  "type": "number"
                }
              },
              {
                "type": "get_attr",
                "value": "disk_encryption_key_raw"
              }
            ],
            [
              {
                "type": "get_attr",
                "value": "boot_disk"
              },
              {
                "type": "index",
                "value": {
                  "value": 0,
                  "type": "number"
                }
              },
              {
                "type": "get_attr",
                "value": "disk_encryption_key_rsa"
              }
            ]
          ],
          "identity_schema_version": 0,
          "private": "eyJlMmJmYjczMC1lY2FhLTExZTYtOGY4OC0zNDM2M2JjN2M0YzAiOnsiY3JlYXRlIjoxMjAwMDAwMDAwMDAwLCJkZWxldGUiOjEyMDAwMDAwMDAwMDAsInVwZGF0ZSI6MTIwMDAwMDAwMDAwMH0sInNjaGVtYV92ZXJzaW9uIjoiNiJ9",
          "dependencies": [
            "google_compute_network.vpc",
            "google_compute_subnetwork.subnet",
            "tls_private_key.ssh_key"
          ]
        }
      ]
    },
    {
      "mode": "managed",
      "type": "google_compute_instance",
      "name": "master",
      "provider": "provider[\"registry.terraform.io/hashicorp/google\"]",
      "instances": [
        {
          "schema_version": 6,
          "attributes": {
            "advanced_machine_features": [],
            "allow_stopping_for_update": null,
            "attached_disk": [],
            "boot_disk": [
              {
                "auto_delete": true,
                "device_name": "persistent-disk-0",
                "disk_encryption_key_raw": "",
                "disk_encryption_key_rsa": "",
                "disk_encryption_key_sha256": "",
                "disk_encryption_service_account": "",
                "force_attach": false,
                "guest_os_features": [
                  "VIRTIO_SCSI_MULTIQUEUE",
                  "SEV_CAPABLE",
                  "SEV_SNP_CAPABLE",
                  "SEV_LIVE_MIGRATABLE",
                  "SEV_LIVE_MIGRATABLE_V2",
                  "IDPF",
                  "TDX_CAPABLE",
                  "UEFI_COMPATIBLE",
                  "GVNIC"
                ],
                "initialize_params": [
                  {
                    "architecture": "X86_64",
                    "enable_confidential_compute": false,
                    "image": "https://www.googleapis.com/compute/v1/projects/ubuntu-os-cloud/global/images/ubuntu-2204-jammy-v20251203",
                    "labels": {},
                    "provisioned_iops": 0,
                    "provisioned_throughput": 0,
                    "resource_manager_tags": null,
                    "resource_policies": [],
                    "size": 50,
                    "snapshot": "",
                    "source_image_encryption_key": [],
                    "source_snapshot_encryption_key": [],
                    "storage_pool": "",
                    "type": "pd-standard"
                  }
                ],
                "interface": "",
                "kms_key_self_link": "",
                "mode": "READ_WRITE",
                "source": "https://www.googleapis.com/compute/v1/projects/apt-subset-427519-g1/zones/europe-west1-b/disks/master"
              }
            ],
            "can_ip_forward": false,
            "confidential_instance_config": [],
            "cpu_platform": "Intel Broadwell",
            "creation_timestamp": "2025-12-11T09:29:43.551-08:00",
            "current_status": "RUNNING",
            "deletion_protection": false,
            "description": "",
            "desired_status": null,
            "effective_labels": {
              "goog-terraform-provisioned": "true"
            },
            "enable_display": false,
            "guest_accelerator": [],
            "hostname": "",
            "id": "projects/apt-subset-427519-g1/zones/europe-west1-b/instances/master",
            "instance_encryption_key": [],
            "instance_id": "7402004842108371304",
            "key_revocation_action_type": "",
            "label_fingerprint": "vezUS-42LLM=",
            "labels": null,
            "machine_type": "e2-standard-2",
            "metadata": {
              "ssh-keys": "ubuntu:ssh-rsa AAAAB3NzaC1yc2EAAAADAQABAAACAQCc1CFAdpDzqZ4ynEyZ/PgepSGoqmXePrOLN3aBAEFQvvbzIzsJ9yGinyE5boMq9i5CQs6F0HZ4bwTM8aUuJBWth785c399weT2f/5MmFmpiIAtPU3prAQwUdaRc0od/sV08U1eObp88Fe52hP/jmM+tOkES/HcUcFnoL55VfJUi/Ou4HgseAi02b6eJu/c45Un2uQmSvS8VJzRlSvfsfZ89KTw+vAVLLKpPQwK7qQ0xi6L3FV31z8TZrJybUTuGkUMe9etR19p7AMP9ciX0nbj7OC/8ivrnGbNHPfSsj8OeO5O7PISSvxD0Gce5U6RqpovUI9tDKeG1N+mwOjEk7atzt5/XBOUCaUM5SL/EIpmLp66S+TwkigYSPcU+fDd5IVvJZJxyQaCi27QpG3zyeKBns3fTeBFYgXdiFbj1Pd6IauhJ0yJEJ2zt9svRU+dhRsZzg/252Nu5J1LtBDWbhZr8ouawWau2Rb/zEFgLFxQ1vQHf0nAwUAsMLPWY1i7BODviJ5wmLhPfVEHYBGdPFesyTsZQNfTNOkenovPP9lv9U3iT9FtPHaj7EYB/xwm0KYLJV1kPZnVW4wwm6L2fDf8wRNYHwjNJbBT1nMIK0DXdJHSUa0gZLrcdnf/a7FCt55SIR/ymKtpKZCKBQZZC4mJpvg9ZIen5JalkEho6j6G0Q==\n"
            },
            "metadata_fingerprint": "rTnej5H8RJw=",
            "metadata_startup_script": null,
            "min_cpu_platform": "",
            "name": "master",
            "network_interface": [
              {
                "access_config": [],
                "alias_ip_range": [],
                "internal_ipv6_prefix_length": 0,
                "ipv6_access_config": [],
                "ipv6_access_type": "",
                "ipv6_address": "",
                "name": "nic0",
                "network": "https://www.googleapis.com/compute/v1/projects/apt-subset-427519-g1/global/networks/k8s-vpc",
                "network_attachment": "",
                "network_ip": "10.240.0.10",
                "nic_type": "",
                "queue_count": 0,
                "stack_type": "IPV4_ONLY",
                "subnetwork": "https://www.googleapis.com/compute/v1/projects/apt-subset-427519-g1/regions/europe-west1/subnetworks/k8s-subnet",
                "subnetwork_project": "apt-subset-427519-g1"
              }
            ],
            "network_performance_config": [],
            "params": [],
            "project": "apt-subset-427519-g1",
            "reservation_affinity": [],
            "resource_policies": null,
            "scheduling": [
              {
                "automatic_restart": true,
                "availability_domain": 0,
                "instance_termination_action": "",
                "local_ssd_recovery_timeout": [],
                "max_run_duration": [],
                "min_node_cpus": 0,
                "node_affinities": [],
                "on_host_maintenance": "MIGRATE",
                "on_instance_stop_action": [],
                "preemptible": false,
                "provisioning_model": "STANDARD",
                "termination_time": ""
              }
            ],
            "scratch_disk": [],
            "self_link": "https://www.googleapis.com/compute/v1/projects/apt-subset-427519-g1/zones/europe-west1-b/instances/master",
            "service_account": [],
            "shielded_instance_config": [
              {
                "enable_integrity_monitoring": true,
                "enable_secure_boot": false,
                "enable_vtpm": true
              }
            ],
            "tags": [
              "master"
            ],
            "tags_fingerprint": "4y7qQ8dL1yM=",
            "terraform_labels": {
              "goog-terraform-provisioned": "true"
            },
            "timeouts": null,
            "zone": "europe-west1-b"
          },
          "sensitive_attributes": [
            [
              {
                "type": "get_attr",
                "value": "boot_disk"
              },
              {
                "type": "index",
                "value": {
                  "value": 0,
                  "type": "number"
                }
              },
              {
                "type": "get_attr",
                "value": "disk_encryption_key_raw"
              }
            ],
            [
              {
                "type": "get_attr",
                "value": "boot_disk"
              },
              {
                "type": "index",
                "value": {
                  "value": 0,
                  "type": "number"
                }
              },
              {
                "type": "get_attr",
                "value": "disk_encryption_key_rsa"
              }
            ]
          ],
          "identity_schema_version": 0,
          "private": "eyJlMmJmYjczMC1lY2FhLTExZTYtOGY4OC0zNDM2M2JjN2M0YzAiOnsiY3JlYXRlIjoxMjAwMDAwMDAwMDAwLCJkZWxldGUiOjEyMDAwMDAwMDAwMDAsInVwZGF0ZSI6MTIwMDAwMDAwMDAwMH0sInNjaGVtYV92ZXJzaW9uIjoiNiJ9",
          "dependencies": [
            "google_compute_network.vpc",
            "google_compute_subnetwork.subnet",
            "tls_private_key.ssh_key"
          ]
        }
      ]
    },
    {
      "mode": "managed",
      "type": "google_compute_instance",
      "name": "worker",
      "provider": "provider[\"registry.terraform.io/hashicorp/google\"]",
      "instances": [
        {
          "index_key": 0,
          "schema_version": 6,
          "attributes": {
            "advanced_machine_features": [],
            "allow_stopping_for_update": null,
            "attached_disk": [],
            "boot_disk": [
              {
                "auto_delete": true,
                "device_name": "persistent-disk-0",
                "disk_encryption_key_raw": "",
                "disk_encryption_key_rsa": "",
                "disk_encryption_key_sha256": "",
                "disk_encryption_service_account": "",
                "force_attach": false,
                "guest_os_features": [
                  "VIRTIO_SCSI_MULTIQUEUE",
                  "SEV_CAPABLE",
                  "SEV_SNP_CAPABLE",
                  "SEV_LIVE_MIGRATABLE",
                  "SEV_LIVE_MIGRATABLE_V2",
                  "IDPF",
                  "TDX_CAPABLE",
                  "UEFI_COMPATIBLE",
                  "GVNIC"
                ],
                "initialize_params": [
                  {
                    "architecture": "X86_64",
                    "enable_confidential_compute": false,
                    "image": "https://www.googleapis.com/compute/v1/projects/ubuntu-os-cloud/global/images/ubuntu-2204-jammy-v20251203",
                    "labels": {},
                    "provisioned_iops": 0,
                    "provisioned_throughput": 0,
                    "resource_manager_tags": null,
                    "resource_policies": [],
                    "size": 100,
                    "snapshot": "",
                    "source_image_encryption_key": [],
                    "source_snapshot_encryption_key": [],
                    "storage_pool": "",
                    "type": "pd-standard"
                  }
                ],
                "interface": "",
                "kms_key_self_link": "",
                "mode": "READ_WRITE",
                "source": "https://www.googleapis.com/compute/v1/projects/apt-subset-427519-g1/zones/europe-west1-b/disks/worker-0"
              }
            ],
            "can_ip_forward": false,
            "confidential_instance_config": [],
            "cpu_platform": "Intel Broadwell",
            "creation_timestamp": "2025-12-11T09:29:43.564-08:00",
            "current_status": "RUNNING",
            "deletion_protection": false,
            "description": "",
            "desired_status": null,
            "effective_labels": {
              "goog-terraform-provisioned": "true"
            },
            "enable_display": false,
            "guest_accelerator": [],
            "hostname": "",
            "id": "projects/apt-subset-427519-g1/zones/europe-west1-b/instances/worker-0",
            "instance_encryption_key": [],
            "instance_id": "5834204464668950888",
            "key_revocation_action_type": "",
            "label_fingerprint": "vezUS-42LLM=",
            "labels": null,
            "machine_type": "e2-standard-4",
            "metadata": {
              "ssh-keys": "ubuntu:ssh-rsa AAAAB3NzaC1yc2EAAAADAQABAAACAQCc1CFAdpDzqZ4ynEyZ/PgepSGoqmXePrOLN3aBAEFQvvbzIzsJ9yGinyE5boMq9i5CQs6F0HZ4bwTM8aUuJBWth785c399weT2f/5MmFmpiIAtPU3prAQwUdaRc0od/sV08U1eObp88Fe52hP/jmM+tOkES/HcUcFnoL55VfJUi/Ou4HgseAi02b6eJu/c45Un2uQmSvS8VJzRlSvfsfZ89KTw+vAVLLKpPQwK7qQ0xi6L3FV31z8TZrJybUTuGkUMe9etR19p7AMP9ciX0nbj7OC/8ivrnGbNHPfSsj8OeO5O7PISSvxD0Gce5U6RqpovUI9tDKeG1N+mwOjEk7atzt5/XBOUCaUM5SL/EIpmLp66S+TwkigYSPcU+fDd5IVvJZJxyQaCi27QpG3zyeKBns3fTeBFYgXdiFbj1Pd6IauhJ0yJEJ2zt9svRU+dhRsZzg/252Nu5J1LtBDWbhZr8ouawWau2Rb/zEFgLFxQ1vQHf0nAwUAsMLPWY1i7BODviJ5wmLhPfVEHYBGdPFesyTsZQNfTNOkenovPP9lv9U3iT9FtPHaj7EYB/xwm0KYLJV1kPZnVW4wwm6L2fDf8wRNYHwjNJbBT1nMIK0DXdJHSUa0gZLrcdnf/a7FCt55SIR/ymKtpKZCKBQZZC4mJpvg9ZIen5JalkEho6j6G0Q==\n"
            },
            "metadata_fingerprint": "rTnej5H8RJw=",
            "metadata_startup_script": null,
            "min_cpu_platform": "",
            "name": "worker-0",
            "network_interface": [
              {
                "access_config": [],
                "alias_ip_range": [],
                "internal_ipv6_prefix_length": 0,
                "ipv6_access_config": [],
                "ipv6_access_type": "",
                "ipv6_address": "",
                "name": "nic0",
                "network": "https://www.googleapis.com/compute/v1/projects/apt-subset-427519-g1/global/networks/k8s-vpc",
                "network_attachment": "",
                "network_ip": "10.240.0.2",
                "nic_type": "",
                "queue_count": 0,
                "stack_type": "IPV4_ONLY",
                "subnetwork": "https://www.googleapis.com/compute/v1/projects/apt-subset-427519-g1/regions/europe-west1/subnetworks/k8s-subnet",
                "subnetwork_project": "apt-subset-427519-g1"
              }
            ],
            "network_performance_config": [],
            "params": [],
            "project": "apt-subset-427519-g1",
            "reservation_affinity": [],
            "resource_policies": null,
            "scheduling": [
              {
                "automatic_restart": true,
                "availability_domain": 0,
                "instance_termination_action": "",
                "local_ssd_recovery_timeout": [],
                "max_run_duration": [],
                "min_node_cpus": 0,
                "node_affinities": [],
                "on_host_maintenance": "MIGRATE",
                "on_instance_stop_action": [],
                "preemptible": false,
                "provisioning_model": "STANDARD",
                "termination_time": ""
              }
            ],
            "scratch_disk": [],
            "self_link": "https://www.googleapis.com/compute/v1/projects/apt-subset-427519-g1/zones/europe-west1-b/instances/worker-0",
            "service_account": [],
            "shielded_instance_config": [
              {
                "enable_integrity_monitoring": true,
                "enable_secure_boot": false,
                "enable_vtpm": true
              }
            ],
            "tags": [
              "worker"
            ],
            "tags_fingerprint": "uvqiNQvnefU=",
            "terraform_labels": {
              "goog-terraform-provisioned": "true"
            },
            "timeouts": null,
            "zone": "europe-west1-b"
          },
          "sensitive_attributes": [
            [
              {
                "type": "get_attr",
                "value": "boot_disk"
              },
              {
                "type": "index",
                "value": {
                  "value": 0,
                  "type": "number"
                }
              },
              {
                "type": "get_attr",
                "value": "disk_encryption_key_raw"
              }
            ],
            [
              {
                "type": "get_attr",
                "value": "boot_disk"
              },
              {
                "type": "index",
                "value": {
                  "value": 0,
                  "type": "number"
                }
              },
              {
                "type": "get_attr",
                "value": "disk_encryption_key_rsa"
              }
            ]
          ],
          "identity_schema_version": 0,
          "private": "eyJlMmJmYjczMC1lY2FhLTExZTYtOGY4OC0zNDM2M2JjN2M0YzAiOnsiY3JlYXRlIjoxMjAwMDAwMDAwMDAwLCJkZWxldGUiOjEyMDAwMDAwMDAwMDAsInVwZGF0ZSI6MTIwMDAwMDAwMDAwMH0sInNjaGVtYV92ZXJzaW9uIjoiNiJ9",
          "dependencies": [
            "google_compute_network.vpc",
            "google_compute_subnetwork.subnet",
            "tls_private_key.ssh_key"
          ]
        },
        {
          "index_key": 1,
          "schema_version": 6,
          "attributes": {
            "advanced_machine_features": [],
            "allow_stopping_for_update": null,
            "attached_disk": [],
            "boot_disk": [
              {
                "auto_delete": true,
                "device_name": "persistent-disk-0",
                "disk_encryption_key_raw": "",
                "disk_encryption_key_rsa": "",
                "disk_encryption_key_sha256": "",
                "disk_encryption_service_account": "",
                "force_attach": false,
                "guest_os_features": [
                  "VIRTIO_SCSI_MULTIQUEUE",
                  "SEV_CAPABLE",
                  "SEV_SNP_CAPABLE",
                  "SEV_LIVE_MIGRATABLE",
                  "SEV_LIVE_MIGRATABLE_V2",
                  "IDPF",
                  "TDX_CAPABLE",
                  "UEFI_COMPATIBLE",
                  "GVNIC"
                ],
                "initialize_params": [
                  {
                    "architecture": "X86_64",
                    "enable_confidential_compute": false,
                    "image": "https://www.googleapis.com/compute/v1/projects/ubuntu-os-cloud/global/images/ubuntu-2204-jammy-v20251203",
                    "labels": {},
                    "provisioned_iops": 0,
                    "provisioned_throughput": 0,
                    "resource_manager_tags": null,
                    "resource_policies": [],
                    "size": 100,
                    "snapshot": "",
                    "source_image_encryption_key": [],
                    "source_snapshot_encryption_key": [],
                    "storage_pool": "",
                    "type": "pd-standard"
                  }
                ],
                "interface": "",
                "kms_key_self_link": "",
                "mode": "READ_WRITE",
                "source": "https://www.googleapis.com/compute/v1/projects/apt-subset-427519-g1/zones/europe-west1-b/disks/worker-1"
              }
            ],
            "can_ip_forward": false,
            "confidential_instance_config": [],
            "cpu_platform": "Intel Broadwell",
            "creation_timestamp": "2025-12-11T09:29:44.881-08:00",
            "current_status": "RUNNING",
            "deletion_protection": false,
            "description": "",
            "desired_status": null,
            "effective_labels": {
              "goog-terraform-provisioned": "true"
            },
            "enable_display": false,
            "guest_accelerator": [],
            "hostname": "",
            "id": "projects/apt-subset-427519-g1/zones/europe-west1-b/instances/worker-1",
            "instance_encryption_key": [],
            "instance_id": "2283797993135489384",
            "key_revocation_action_type": "",
            "label_fingerprint": "vezUS-42LLM=",
            "labels": null,
            "machine_type": "e2-standard-4",
            "metadata": {
              "ssh-keys": "ubuntu:ssh-rsa AAAAB3NzaC1yc2EAAAADAQABAAACAQCc1CFAdpDzqZ4ynEyZ/PgepSGoqmXePrOLN3aBAEFQvvbzIzsJ9yGinyE5boMq9i5CQs6F0HZ4bwTM8aUuJBWth785c399weT2f/5MmFmpiIAtPU3prAQwUdaRc0od/sV08U1eObp88Fe52hP/jmM+tOkES/HcUcFnoL55VfJUi/Ou4HgseAi02b6eJu/c45Un2uQmSvS8VJzRlSvfsfZ89KTw+vAVLLKpPQwK7qQ0xi6L3FV31z8TZrJybUTuGkUMe9etR19p7AMP9ciX0nbj7OC/8ivrnGbNHPfSsj8OeO5O7PISSvxD0Gce5U6RqpovUI9tDKeG1N+mwOjEk7atzt5/XBOUCaUM5SL/EIpmLp66S+TwkigYSPcU+fDd5IVvJZJxyQaCi27QpG3zyeKBns3fTeBFYgXdiFbj1Pd6IauhJ0yJEJ2zt9svRU+dhRsZzg/252Nu5J1LtBDWbhZr8ouawWau2Rb/zEFgLFxQ1vQHf0nAwUAsMLPWY1i7BODviJ5wmLhPfVEHYBGdPFesyTsZQNfTNOkenovPP9lv9U3iT9FtPHaj7EYB/xwm0KYLJV1kPZnVW4wwm6L2fDf8wRNYHwjNJbBT1nMIK0DXdJHSUa0gZLrcdnf/a7FCt55SIR/ymKtpKZCKBQZZC4mJpvg9ZIen5JalkEho6j6G0Q==\n"
            },
            "metadata_fingerprint": "rTnej5H8RJw=",
            "metadata_startup_script": null,
            "min_cpu_platform": "",
            "name": "worker-1",
            "network_interface": [
              {
                "access_config": [],
                "alias_ip_range": [],
                "internal_ipv6_prefix_length": 0,
                "ipv6_access_config": [],
                "ipv6_access_type": "",
                "ipv6_address": "",
                "name": "nic0",
                "network": "https://www.googleapis.com/compute/v1/projects/apt-subset-427519-g1/global/networks/k8s-vpc",
                "network_attachment": "",
                "network_ip": "10.240.0.5",
                "nic_type": "",
                "queue_count": 0,
                "stack_type": "IPV4_ONLY",
                "subnetwork": "https://www.googleapis.com/compute/v1/projects/apt-subset-427519-g1/regions/europe-west1/subnetworks/k8s-subnet",
                "subnetwork_project": "apt-subset-427519-g1"
              }
            ],
            "network_performance_config": [],
            "params": [],
            "project": "apt-subset-427519-g1",
            "reservation_affinity": [],
            "resource_policies": null,
            "scheduling": [
              {
                "automatic_restart": true,
                "availability_domain": 0,
                "instance_termination_action": "",
                "local_ssd_recovery_timeout": [],
                "max_run_duration": [],
                "min_node_cpus": 0,
                "node_affinities": [],
                "on_host_maintenance": "MIGRATE",
                "on_instance_stop_action": [],
                "preemptible": false,
                "provisioning_model": "STANDARD",
                "termination_time": ""
              }
            ],
            "scratch_disk": [],
            "self_link": "https://www.googleapis.com/compute/v1/projects/apt-subset-427519-g1/zones/europe-west1-b/instances/worker-1",
            "service_account": [],
            "shielded_instance_config": [
              {
                "enable_integrity_monitoring": true,
                "enable_secure_boot": false,
                "enable_vtpm": true
              }
            ],
            "tags": [
              "worker"
            ],
            "tags_fingerprint": "uvqiNQvnefU=",
            "terraform_labels": {
              "goog-terraform-provisioned": "true"
            },
            "timeouts": null,
            "zone": "europe-west1-b"
          },
          "sensitive_attributes": [
            [
              {
                "type": "get_attr",
                "value": "boot_disk"
              },
              {
                "type": "index",
                "value": {
                  "value": 0,
                  "type": "number"
                }
              },
              {
                "type": "get_attr",
                "value": "disk_encryption_key_raw"
              }
            ],
            [
              {
                "type": "get_attr",
                "value": "boot_disk"
              },
              {
                "type": "index",
                "value": {
                  "value": 0,
                  "type": "number"
                }
              },
              {
                "type": "get_attr",
                "value": "disk_encryption_key_rsa"
              }
            ]
          ],
          "identity_schema_version": 0,
          "private": "eyJlMmJmYjczMC1lY2FhLTExZTYtOGY4OC0zNDM2M2JjN2M0YzAiOnsiY3JlYXRlIjoxMjAwMDAwMDAwMDAwLCJkZWxldGUiOjEyMDAwMDAwMDAwMDAsInVwZGF0ZSI6MTIwMDAwMDAwMDAwMH0sInNjaGVtYV92ZXJzaW9uIjoiNiJ9",
          "dependencies": [
            "google_compute_network.vpc",
            "google_compute_subnetwork.subnet",
            "tls_private_key.ssh_key"
          ]
        },
        {
          "index_key": 2,
          "schema_version": 6,
          "attributes": {
            "advanced_machine_features": [],
            "allow_stopping_for_update": null,
            "attached_disk": [],
            "boot_disk": [
              {
                "auto_delete": true,
                "device_name": "persistent-disk-0",
                "disk_encryption_key_raw": "",
                "disk_encryption_key_rsa": "",
                "disk_encryption_key_sha256": "",
                "disk_encryption_service_account": "",
                "force_attach": false,
                "guest_os_features": [
                  "VIRTIO_SCSI_MULTIQUEUE",
                  "SEV_CAPABLE",
                  "SEV_SNP_CAPABLE",
                  "SEV_LIVE_MIGRATABLE",
                  "SEV_LIVE_MIGRATABLE_V2",
                  "IDPF",
                  "TDX_CAPABLE",
                  "UEFI_COMPATIBLE",
                  "GVNIC"
                ],
                "initialize_params": [
                  {
                    "architecture": "X86_64",
                    "enable_confidential_compute": false,
                    "image": "https://www.googleapis.com/compute/v1/projects/ubuntu-os-cloud/global/images/ubuntu-2204-jammy-v20251203",
                    "labels": {},
                    "provisioned_iops": 0,
                    "provisioned_throughput": 0,
                    "resource_manager_tags": null,
                    "resource_policies": [],
                    "size": 100,
                    "snapshot": "",
                    "source_image_encryption_key": [],
                    "source_snapshot_encryption_key": [],
                    "storage_pool": "",
                    "type": "pd-standard"
                  }
                ],
                "interface": "",
                "kms_key_self_link": "",
                "mode": "READ_WRITE",
                "source": "https://www.googleapis.com/compute/v1/projects/apt-subset-427519-g1/zones/europe-west1-b/disks/worker-2"
              }
            ],
            "can_ip_forward": false,
            "confidential_instance_config": [],
            "cpu_platform": "Intel Broadwell",
            "creation_timestamp": "2025-12-11T09:29:43.258-08:00",
            "current_status": "RUNNING",
            "deletion_protection": false,
            "description": "",
            "desired_status": null,
            "effective_labels": {
              "goog-terraform-provisioned": "true"
            },
            "enable_display": false,
            "guest_accelerator": [],
            "hostname": "",
            "id": "projects/apt-subset-427519-g1/zones/europe-west1-b/instances/worker-2",
            "instance_encryption_key": [],
            "instance_id": "3191285666081620328",
            "key_revocation_action_type": "",
            "label_fingerprint": "vezUS-42LLM=",
            "labels": null,
            "machine_type": "e2-standard-4",
            "metadata": {
              "ssh-keys": "ubuntu:ssh-rsa AAAAB3NzaC1yc2EAAAADAQABAAACAQCc1CFAdpDzqZ4ynEyZ/PgepSGoqmXePrOLN3aBAEFQvvbzIzsJ9yGinyE5boMq9i5CQs6F0HZ4bwTM8aUuJBWth785c399weT2f/5MmFmpiIAtPU3prAQwUdaRc0od/sV08U1eObp88Fe52hP/jmM+tOkES/HcUcFnoL55VfJUi/Ou4HgseAi02b6eJu/c45Un2uQmSvS8VJzRlSvfsfZ89KTw+vAVLLKpPQwK7qQ0xi6L3FV31z8TZrJybUTuGkUMe9etR19p7AMP9ciX0nbj7OC/8ivrnGbNHPfSsj8OeO5O7PISSvxD0Gce5U6RqpovUI9tDKeG1N+mwOjEk7atzt5/XBOUCaUM5SL/EIpmLp66S+TwkigYSPcU+fDd5IVvJZJxyQaCi27QpG3zyeKBns3fTeBFYgXdiFbj1Pd6IauhJ0yJEJ2zt9svRU+dhRsZzg/252Nu5J1LtBDWbhZr8ouawWau2Rb/zEFgLFxQ1vQHf0nAwUAsMLPWY1i7BODviJ5wmLhPfVEHYBGdPFesyTsZQNfTNOkenovPP9lv9U3iT9FtPHaj7EYB/xwm0KYLJV1kPZnVW4wwm6L2fDf8wRNYHwjNJbBT1nMIK0DXdJHSUa0gZLrcdnf/a7FCt55SIR/ymKtpKZCKBQZZC4mJpvg9ZIen5JalkEho6j6G0Q==\n"
            },
            "metadata_fingerprint": "rTnej5H8RJw=",
            "metadata_startup_script": null,
            "min_cpu_platform": "",
            "name": "worker-2",
            "network_interface": [
              {
                "access_config": [],
                "alias_ip_range": [],
                "internal_ipv6_prefix_length": 0,
                "ipv6_access_config": [],
                "ipv6_access_type": "",
                "ipv6_address": "",
                "name": "nic0",
                "network": "https://www.googleapis.com/compute/v1/projects/apt-subset-427519-g1/global/networks/k8s-vpc",
                "network_attachment": "",
                "network_ip": "10.240.0.3",
                "nic_type": "",
                "queue_count": 0,
                "stack_type": "IPV4_ONLY",
                "subnetwork": "https://www.googleapis.com/compute/v1/projects/apt-subset-427519-g1/regions/europe-west1/subnetworks/k8s-subnet",
                "subnetwork_project": "apt-subset-427519-g1"
              }
            ],
            "network_performance_config": [],
            "params": [],
            "project": "apt-subset-427519-g1",
            "reservation_affinity": [],
            "resource_policies": null,
            "scheduling": [
              {
                "automatic_restart": true,
                "availability_domain": 0,
                "instance_termination_action": "",
                "local_ssd_recovery_timeout": [],
                "max_run_duration": [],
                "min_node_cpus": 0,
                "node_affinities": [],
                "on_host_maintenance": "MIGRATE",
                "on_instance_stop_action": [],
                "preemptible": false,
                "provisioning_model": "STANDARD",
                "termination_time": ""
              }
            ],
            "scratch_disk": [],
            "self_link": "https://www.googleapis.com/compute/v1/projects/apt-subset-427519-g1/zones/europe-west1-b/instances/worker-2",
            "service_account": [],
            "shielded_instance_config": [
              {
                "enable_integrity_monitoring": true,
                "enable_secure_boot": false,
                "enable_vtpm": true
              }
            ],
            "tags": [
              "worker"
            ],
            "tags_fingerprint": "uvqiNQvnefU=",
            "terraform_labels": {
              "goog-terraform-provisioned": "true"
            },
            "timeouts": null,
            "zone": "europe-west1-b"
          },
          "sensitive_attributes": [
            [
              {
                "type": "get_attr",
                "value": "boot_disk"
              },
              {
                "type": "index",
                "value": {
                  "value": 0,
                  "type": "number"
                }
              },
              {
                "type": "get_attr",
                "value": "disk_encryption_key_raw"
              }
            ],
            [
              {
                "type": "get_attr",
                "value": "boot_disk"
              },
              {
                "type": "index",
                "value": {
                  "value": 0,
                  "type": "number"
                }
              },
              {
                "type": "get_attr",
                "value": "disk_encryption_key_rsa"
              }
            ]
          ],
          "identity_schema_version": 0,
          "private": "eyJlMmJmYjczMC1lY2FhLTExZTYtOGY4OC0zNDM2M2JjN2M0YzAiOnsiY3JlYXRlIjoxMjAwMDAwMDAwMDAwLCJkZWxldGUiOjEyMDAwMDAwMDAwMDAsInVwZGF0ZSI6MTIwMDAwMDAwMDAwMH0sInNjaGVtYV92ZXJzaW9uIjoiNiJ9",
          "dependencies": [
            "google_compute_network.vpc",
            "google_compute_subnetwork.subnet",
            "tls_private_key.ssh_key"
          ]
        }
      ]
    },
    {
      "mode": "managed",
      "type": "google_compute_network",
      "name": "vpc",
      "provider": "provider[\"registry.terraform.io/hashicorp/google\"]",
      "instances": [
        {
          "schema_version": 0,
          "attributes": {
            "auto_create_subnetworks": false,
            "bgp_always_compare_med": false,
            "bgp_best_path_selection_mode": "LEGACY",
            "bgp_inter_region_cost": "",
            "delete_default_routes_on_create": false,
            "description": "",
            "enable_ula_internal_ipv6": false,
            "gateway_ipv4": "",
            "id": "projects/apt-subset-427519-g1/global/networks/k8s-vpc",
            "internal_ipv6_range": "",
            "mtu": 0,
            "name": "k8s-vpc",
            "network_firewall_policy_enforcement_order": "AFTER_CLASSIC_FIREWALL",
            "network_id": "6480393671720518069",
            "network_profile": "",
            "numeric_id": "6480393671720518069",
            "params": [],
            "project": "apt-subset-427519-g1",
            "routing_mode": "REGIONAL",
            "self_link": "https://www.googleapis.com/compute/v1/projects/apt-subset-427519-g1/global/networks/k8s-vpc",
            "timeouts": null
          },
          "sensitive_attributes": [],
          "identity_schema_version": 0,
          "private": "eyJlMmJmYjczMC1lY2FhLTExZTYtOGY4OC0zNDM2M2JjN2M0YzAiOnsiY3JlYXRlIjoxMjAwMDAwMDAwMDAwLCJkZWxldGUiOjEyMDAwMDAwMDAwMDAsInVwZGF0ZSI6MTIwMDAwMDAwMDAwMH19"
        }
      ]
    },
    {
      "mode": "managed",
      "type": "google_compute_router",
      "name": "router",
      "provider": "provider[\"registry.terraform.io/hashicorp/google\"]",
      "instances": [
        {
          "schema_version": 0,
          "attributes": {
            "bgp": [],
            "creation_timestamp": "2025-12-11T09:29:20.813-08:00",
            "description": "",
            "encrypted_interconnect_router": false,
            "id": "projects/apt-subset-427519-g1/regions/europe-west1/routers/k8s-router",
            "md5_authentication_keys": [],
            "name": "k8s-router",
            "network": "https://www.googleapis.com/compute/v1/projects/apt-subset-427519-g1/global/networks/k8s-vpc",
            "params": [],
            "project": "apt-subset-427519-g1",
            "region": "europe-west1",
            "self_link": "https://www.googleapis.com/compute/v1/projects/apt-subset-427519-g1/regions/europe-west1/routers/k8s-router",
            "timeouts": null
          },
          "sensitive_attributes": [],
          "identity_schema_version": 0,
          "private": "eyJlMmJmYjczMC1lY2FhLTExZTYtOGY4OC0zNDM2M2JjN2M0YzAiOnsiY3JlYXRlIjoxMjAwMDAwMDAwMDAwLCJkZWxldGUiOjEyMDAwMDAwMDAwMDAsInVwZGF0ZSI6MTIwMDAwMDAwMDAwMH19",
          "dependencies": [
            "google_compute_network.vpc"
          ]
        }
      ]
    },
    {
      "mode": "managed",
      "type": "google_compute_router_nat",
      "name": "nat",
      "provider": "provider[\"registry.terraform.io/hashicorp/google\"]",
      "instances": [
        {
          "schema_version": 0,
          "attributes": {
            "auto_network_tier": null,
            "drain_nat_ips": [],
            "enable_dynamic_port_allocation": false,
            "enable_endpoint_independent_mapping": false,
            "endpoint_types": [
              "ENDPOINT_TYPE_VM"
            ],
            "icmp_idle_timeout_sec": 30,
            "id": "apt-subset-427519-g1/europe-west1/k8s-router/k8s-nat",
            "initial_nat_ips": null,
            "log_config": [],
            "max_ports_per_vm": 0,
            "min_ports_per_vm": 0,
            "name": "k8s-nat",
            "nat64_subnetwork": [],
            "nat_ip_allocate_option": "AUTO_ONLY",
            "nat_ips": [],
            "project": "apt-subset-427519-g1",
            "region": "europe-west1",
            "router": "k8s-router",
            "rules": [],
            "source_subnetwork_ip_ranges_to_nat": "ALL_SUBNETWORKS_ALL_IP_RANGES",
            "source_subnetwork_ip_ranges_to_nat64": "",
            "subnetwork": [],
            "tcp_established_idle_timeout_sec": 1200,
            "tcp_time_wait_timeout_sec": 120,
            "tcp_transitory_idle_timeout_sec": 30,
            "timeouts": null,
            "type": "PUBLIC",
            "udp_idle_timeout_sec": 30
          },
          "sensitive_attributes": [],
          "identity_schema_version": 0,
          "private": "eyJlMmJmYjczMC1lY2FhLTExZTYtOGY4OC0zNDM2M2JjN2M0YzAiOnsiY3JlYXRlIjoxMjAwMDAwMDAwMDAwLCJkZWxldGUiOjEyMDAwMDAwMDAwMDAsInVwZGF0ZSI6MTIwMDAwMDAwMDAwMH19",
          "dependencies": [
            "google_compute_network.vpc",
            "google_compute_router.router"
          ]
        }
      ]
    },
    {
      "mode": "managed",
      "type": "google_compute_subnetwork",
      "name": "subnet",
      "provider": "provider[\"registry.terraform.io/hashicorp/google\"]",
      "instances": [
        {
          "schema_version": 0,
          "attributes": {
            "creation_timestamp": "2025-12-11T09:29:21.057-08:00",
            "description": "",
            "external_ipv6_prefix": "",
            "fingerprint": null,
            "gateway_address": "10.240.0.1",
            "id": "projects/apt-subset-427519-g1/regions/europe-west1/subnetworks/k8s-subnet",
            "internal_ipv6_prefix": "",
            "ip_cidr_range": "10.240.0.0/24",
            "ip_collection": null,
            "ipv6_access_type": "",
            "ipv6_cidr_range": "",
            "ipv6_gce_endpoint": "",
            "log_config": [],
            "name": "k8s-subnet",
            "network": "https://www.googleapis.com/compute/v1/projects/apt-subset-427519-g1/global/networks/k8s-vpc",
            "params": [],
            "private_ip_google_access": false,
            "private_ipv6_google_access": "DISABLE_GOOGLE_ACCESS",
            "project": "apt-subset-427519-g1",
            "purpose": "PRIVATE",
            "region": "europe-west1",
            "reserved_internal_range": "",
            "role": "",
            "secondary_ip_range": [],
            "self_link": "https://www.googleapis.com/compute/v1/projects/apt-subset-427519-g1/regions/europe-west1/subnetworks/k8s-subnet",
            "send_secondary_ip_range_if_empty": null,
            "stack_type": "IPV4_ONLY",
            "state": "",
            "subnetwork_id": 4902441417522495902,
            "timeouts": null
          },
          "sensitive_attributes": [],
          "identity_schema_version": 0,
          "private": "eyJlMmJmYjczMC1lY2FhLTExZTYtOGY4OC0zNDM2M2JjN2M0YzAiOnsiY3JlYXRlIjoxMjAwMDAwMDAwMDAwLCJkZWxldGUiOjEyMDAwMDAwMDAwMDAsInVwZGF0ZSI6MTIwMDAwMDAwMDAwMH19",
          "dependencies": [
            "google_compute_network.vpc"
          ]
        }
      ]
    },
    {
      "mode": "managed",
      "type": "local_sensitive_file",
      "name": "private_key",
      "provider": "provider[\"registry.terraform.io/hashicorp/local\"]",
      "instances": [
        {
          "schema_version": 0,
          "attributes": {
            "content": "-----BEGIN RSA PRIVATE KEY-----\nMIIJKAIBAAKCAgEAnNQhQHaQ86meMpxMmfz4HqUhqKpl3j6zizd2gQBBUL728yM7\nCfchop8hOW6DKvYuQkLOhdB2eG8EzPGlLiQVrYe/OXN/fcHk9n/+TJhZqYiALT1N\n6awEMFHWkXNKHf7FdPFNXjm6fPBXudoT/45jPrTpBEvx3FHBZ6C+eVXyVIvzruB4\nLHgItNm+nibv3OOVJ9rkJkr0vFSc0ZUr37H2fPSk8PrwFSyyqT0MCu6kNMYui9xV\nd9c/E2aycm1E7hpFDHvXrUdfaewDD/XIl9J24+zgv/Ir65xmzRz30rI/DnjuTuzy\nEkr8Q9BnHuVOkaqaL1CPbQynhtTfpsDoxJO2rc7ef1wTlAmlDOUi/xCKZi6eukvk\n8JIoGEj3FPnw3eSFbyWScckGgotu0KRt88nigZ7N303gRWIF3YhW49T3eiGroSdM\niRCds7fbL0VPnYUbGc4P9udjbuSdS7QQ1m4Wa/KLmsFmrtkW/8xBYCxcUNb0B39J\nwMFALDCz1mNYuwTg74iecJi4T31RB2ARnTxXrMk7GUDX0zTpHp6Lzz/Zb/VN4k/R\nbTx2o+xGAf8cJtCmCyVdZD2Z1VuMMJui9nw3/METWB8IzSWwU9ZzCCtA13SR0lGt\nIGS63HZ3/2uxQreeUiEf8piraSmQigUGWQuJiab4PWSHp+SWpZBIaOo+htECAwEA\nAQKCAgAk7ugt0D5uw8FX1etMUID2Zpk4qXh4EHgkDxm/Y5n+NBrgQ6nBvQuUyrj+\nV4JYecWHIUiVxvQ/hJWy1i26YhEg3tkv5H1f1mvfiWEQFMj43gahoNBaeYI7Burr\nMiWATuGdmr5HtHyws8FVKYCQLK4+tEg0FNaOtko/52E0HgOF2be3tXFXt6UFQkpb\n4HuYn5ge3LPiOMDOIXcU/HZqpfSQlOTLQ62Krw4cQR427OCK9Sk9EtSl9nEKVqMr\nw4P6NwGP4RJ34lkcDtLhzVZCOvR41O5RBe1F/X1QTMQoQIYNGHm26KJRoIssRUYj\nxojsUSsifWxpmBNT84oAMWof8VGR2rdcwFLcfXptNN67J6m0bJfWTrqfmgdH1g6X\nQKSvE0QoeAdQwYT3jMmOMOFAKThDu0cI2rpeg3+6n7d8GxFLEN1eZKwewpIVp3p6\nOM0sRu4craKR/EjqOK4ScxlOYz2F9rLWsRLMzFIKLvDUpNF7ks9jRrPUv2q022d4\nylpp+G0I58L/9yaeKjwgqzKEc6jGQfSbMlfJO/HNGjpbakfp4Fu7SGbvmFI+4uqw\nzxsmvcuYnKMWbnfmYohg1HsARBg2EDpiCpYU7m7WiLosObOHInHvfV/ZT5doS2bQ\nMme3DXRt7Ern3awnUi3dFsElhpcwuHBz2qTRbo5VLab6+om+CQKCAQEAwRoZBMvA\n+qJfrxNIp5DDxZYYIgmvlttwIfvRBzZAGHDpnAeHuYhuY269X4zljMVnmVei0vuX\n2p8Bsb6D72CbCBl9tAjHd70e/CiqP00lQjy0nfAQwnY2i5l/yGGH3GhEEj3DBFu/\nBN94Imr+vDqLDSc5zzf5O4Revs0sWmaLgPJRHzU2HTHCu8nm5st3ed4F2d+BOU6H\nRTBPB7aqyQUZA9/o26DjadS3Zqo68T5LeIswX3MF8Qb9mFFSk3fnjdWzclyOkZXn\nwx9Qy1t4ejahMC6V95CEMSuBuptmN7Ceb+eWbk6/jOTfb0TbfU8DKdZ63eYchfhB\nWvP4Y0konOqJawKCAQEAz+ldKDa6AcrNEcVFUKUKXwLQKnAqDEUHeIPRrZivP03z\nCjnsu9Vfqco36yduu5BloaFLFJDcZ8APbqkp0Jm44aIS9lueDpAZK0p1k5qvZNT7\nAPbeogJPYHlYQiOWreEXHrCtPqB8M2C5G98DOybXdwQirUO28re3tuV/+U0kWum4\nX5ff+5DP0ZQ3JHZ8tFsqwSH8TBb0XOD3dpjORNCfH8eMgoRVr7QVPV0Vi8s/vqN9\nUcevLvoyhKbsjDOazkOZJhorsmbtq3xUKOc+rxY0+UxY3Ae7j0XYBEtWmosVcuGS\nDcPk6aw/g1c0gfklptZ3H01wEc1VkCyuxLJpLgiTswKCAQEAq06Xu2V3AeJiuFKH\nNgB7bSJGrouhNlfeFofrXFaIbiZdWIplofai15s6bTX1vvixe5v/WuTQRqahPioh\nqY8uefUDS2AudM9WWaVJw3aRAz4Pjb2XYKy2nwnCDuZXPPVSzkv0Yj1yLMSDMyVw\nb1QQX87YvjiN5nr8ApDKNDicsfxGc0UliKjIdQgcy8rdZ0PMNQjO/yPnZT4CHnmy\n8TqQgpt1XMJSfWS0f2Otfq8hDQOOGl9UegsVlrcuZp0M0wsuctohsI4oWTXC22V+\ncA1e2fu6FzIh0+0g3YdXGziYlfYBwkIiNMAmZ/PSNEyQJeGchpbJ3x/p+uJNDOeu\nG+cFmQKCAQBcVwXz3VKBh0PK97WQWqyfhA1WO9jA+EuYH9uZYS28TO97hDx7NAo3\ny8NIIoxQq5In1g4VhT0Oq0NvX5xdtFhjhessFYa+awtyqbBMrS/m9ZzBUeORSrtc\nWqhzP4Elmsn87HUVUou2+edc1JCHzfl2N5T7JQ70/9mNVqKe478YzaMAeeCVxzw1\nlcFj5Wf/Zlo3ytNWK/+93ICr4LQD5jA2GhdyxDmWPsIMLfJq0wttrQj0sF5C3AZh\n2g1HO4guweEcBhWQN5ypRB/QxtuVQaSncFwq5RhNSrTlO1ysaMdO7ZZDnNRnYAQZ\nXjrI2xH45lmjwm3ayjqNPPsmCyMhudd3AoIBADS7dgOQa9kK+u5eavRh0kHXwiOl\n6sLuX126d/35Le8QcAdE/M9kAmK5Pj5rmSMijIWgpdgrkZaCiEZVEvgt6NBvnVhT\nw05ultTObehyed/N2Qb9c7hlzjlPQepJhxFFx6JQiyQelVOO0/sWKMXMjPt1NyGw\nHHGhkXejIZQG1eZAHZSuwEuEeNn9+F6Y835ykskat2Wm4t6gVH2qVnKu3QSo7pYR\nWGsMMOur/8KMZVdCsHBRvjYebiBn2BX0Wqvj6maqc3H51Ae7OErjLBncwexhj8CU\nV1/NNieDhxSm1kW/tFHXBoba9xWML6+vEqXFh4qppFVVSqlXfN42WiwegTM=\n-----END RSA PRIVATE KEY-----\n",
            "content_base64": null,
            "content_base64sha256": "DIpqiCFtJGkLvW5wdb5bdgwV0UpYHelQtsoNhshsNHM=",
            "content_base64sha512": "rdysU9keEALu86ZlucUVdVkQ7Oi6KZSac6CWE+PkSNN+AlVVbAVJ7t2T1MCJu1DM2wfsq9KUUNyxKhCntrvOdQ==",
            "content_md5": "3441bad4f34d48d92ed9fbc6f7212192",
            "content_sha1": "a06cfeb27a31708caf1d0d1ed4ccd3694f768065",
            "content_sha256": "0c8a6a88216d24690bbd6e7075be5b760c15d14a581de950b6ca0d86c86c3473",
            "content_sha512": "addcac53d91e1002eef3a665b9c515755910ece8ba29949a73a09613e3e448d37e0255556c0549eedd93d4c089bb50ccdb07ecabd29450dcb12a10a7b6bbce75",
            "directory_permission": "0700",
            "file_permission": "0600",
            "filename": "./../config/id_rsa_gcp",
            "id": "a06cfeb27a31708caf1d0d1ed4ccd3694f768065",
            "source": null
          },
          "sensitive_attributes": [
            [
              {
                "type": "get_attr",
                "value": "content"
              }
            ],
            [
              {
                "type": "get_attr",
                "value": "content_base64"
              }
            ]
          ],
          "identity_schema_version": 0,
          "dependencies": [
            "tls_private_key.ssh_key"
          ]
        }
      ]
    },
    {
      "mode": "managed",
      "type": "tls_private_key",
      "name": "ssh_key",
      "provider": "provider[\"registry.terraform.io/hashicorp/tls\"]",
      "instances": [
        {
          "schema_version": 1,
          "attributes": {
            "algorithm": "RSA",
            "ecdsa_curve": "P224",
            "id": "f451269d17de530e87d041e8895dc9859735a3b0",
            "private_key_openssh": "-----BEGIN OPENSSH PRIVATE KEY-----\nb3BlbnNzaC1rZXktdjEAAAAABG5vbmUAAAAEbm9uZQAAAAAAAAABAAACFwAAAAdz\nc2gtcnNhAAAAAwEAAQAAAgEAnNQhQHaQ86meMpxMmfz4HqUhqKpl3j6zizd2gQBB\nUL728yM7Cfchop8hOW6DKvYuQkLOhdB2eG8EzPGlLiQVrYe/OXN/fcHk9n/+TJhZ\nqYiALT1N6awEMFHWkXNKHf7FdPFNXjm6fPBXudoT/45jPrTpBEvx3FHBZ6C+eVXy\nVIvzruB4LHgItNm+nibv3OOVJ9rkJkr0vFSc0ZUr37H2fPSk8PrwFSyyqT0MCu6k\nNMYui9xVd9c/E2aycm1E7hpFDHvXrUdfaewDD/XIl9J24+zgv/Ir65xmzRz30rI/\nDnjuTuzyEkr8Q9BnHuVOkaqaL1CPbQynhtTfpsDoxJO2rc7ef1wTlAmlDOUi/xCK\nZi6eukvk8JIoGEj3FPnw3eSFbyWScckGgotu0KRt88nigZ7N303gRWIF3YhW49T3\neiGroSdMiRCds7fbL0VPnYUbGc4P9udjbuSdS7QQ1m4Wa/KLmsFmrtkW/8xBYCxc\nUNb0B39JwMFALDCz1mNYuwTg74iecJi4T31RB2ARnTxXrMk7GUDX0zTpHp6Lzz/Z\nb/VN4k/RbTx2o+xGAf8cJtCmCyVdZD2Z1VuMMJui9nw3/METWB8IzSWwU9ZzCCtA\n13SR0lGtIGS63HZ3/2uxQreeUiEf8piraSmQigUGWQuJiab4PWSHp+SWpZBIaOo+\nhtEAAAc4U5eWNlOXljYAAAAHc3NoLXJzYQAAAgEAnNQhQHaQ86meMpxMmfz4HqUh\nqKpl3j6zizd2gQBBUL728yM7Cfchop8hOW6DKvYuQkLOhdB2eG8EzPGlLiQVrYe/\nOXN/fcHk9n/+TJhZqYiALT1N6awEMFHWkXNKHf7FdPFNXjm6fPBXudoT/45jPrTp\nBEvx3FHBZ6C+eVXyVIvzruB4LHgItNm+nibv3OOVJ9rkJkr0vFSc0ZUr37H2fPSk\n8PrwFSyyqT0MCu6kNMYui9xVd9c/E2aycm1E7hpFDHvXrUdfaewDD/XIl9J24+zg\nv/Ir65xmzRz30rI/DnjuTuzyEkr8Q9BnHuVOkaqaL1CPbQynhtTfpsDoxJO2rc7e\nf1wTlAmlDOUi/xCKZi6eukvk8JIoGEj3FPnw3eSFbyWScckGgotu0KRt88nigZ7N\n303gRWIF3YhW49T3eiGroSdMiRCds7fbL0VPnYUbGc4P9udjbuSdS7QQ1m4Wa/KL\nmsFmrtkW/8xBYCxcUNb0B39JwMFALDCz1mNYuwTg74iecJi4T31RB2ARnTxXrMk7\nGUDX0zTpHp6Lzz/Zb/VN4k/RbTx2o+xGAf8cJtCmCyVdZD2Z1VuMMJui9nw3/MET\nWB8IzSWwU9ZzCCtA13SR0lGtIGS63HZ3/2uxQreeUiEf8piraSmQigUGWQuJiab4\nPWSHp+SWpZBIaOo+htEAAAADAQABAAACACTu6C3QPm7DwVfV60xQgPZmmTipeHgQ\neCQPGb9jmf40GuBDqcG9C5TKuP5Xglh5xYchSJXG9D+ElbLWLbpiESDe2S/kfV/W\na9+JYRAUyPjeBqGg0Fp5gjsG6usyJYBO4Z2avke0fLCzwVUpgJAsrj60SDQU1o62\nSj/nYTQeA4XZt7e1cVe3pQVCSlvge5ifmB7cs+I4wM4hdxT8dmql9JCU5MtDrYqv\nDhxBHjbs4Ir1KT0S1KX2cQpWoyvDg/o3AY/hEnfiWRwO0uHNVkI69HjU7lEF7UX9\nfVBMxChAhg0YebboolGgiyxFRiPGiOxRKyJ9bGmYE1PzigAxah/xUZHat1zAUtx9\nem003rsnqbRsl9ZOup+aB0fWDpdApK8TRCh4B1DBhPeMyY4w4UApOEO7Rwjaul6D\nf7qft3wbEUsQ3V5krB7CkhWneno4zSxG7hytopH8SOo4rhJzGU5jPYX2staxEszM\nUgou8NSk0XuSz2NGs9S/arTbZ3jKWmn4bQjnwv/3Jp4qPCCrMoRzqMZB9JsyV8k7\n8c0aOltqR+ngW7tIZu+YUj7i6rDPGya9y5icoxZud+ZiiGDUewBEGDYQOmIKlhTu\nbtaIuiw5s4cice99X9lPl2hLZtAyZ7cNdG3sSufdrCdSLd0WwSWGlzC4cHPapNFu\njlUtpvr6ib4JAAABADS7dgOQa9kK+u5eavRh0kHXwiOl6sLuX126d/35Le8QcAdE\n/M9kAmK5Pj5rmSMijIWgpdgrkZaCiEZVEvgt6NBvnVhTw05ultTObehyed/N2Qb9\nc7hlzjlPQepJhxFFx6JQiyQelVOO0/sWKMXMjPt1NyGwHHGhkXejIZQG1eZAHZSu\nwEuEeNn9+F6Y835ykskat2Wm4t6gVH2qVnKu3QSo7pYRWGsMMOur/8KMZVdCsHBR\nvjYebiBn2BX0Wqvj6maqc3H51Ae7OErjLBncwexhj8CUV1/NNieDhxSm1kW/tFHX\nBoba9xWML6+vEqXFh4qppFVVSqlXfN42WiwegTMAAAEBAMEaGQTLwPqiX68TSKeQ\nw8WWGCIJr5bbcCH70Qc2QBhw6ZwHh7mIbmNuvV+M5YzFZ5lXotL7l9qfAbG+g+9g\nmwgZfbQIx3e9Hvwoqj9NJUI8tJ3wEMJ2NouZf8hhh9xoRBI9wwRbvwTfeCJq/rw6\niw0nOc83+TuEXr7NLFpmi4DyUR81Nh0xwrvJ5ubLd3neBdnfgTlOh0UwTwe2qskF\nGQPf6Nug42nUt2aqOvE+S3iLMF9zBfEG/ZhRUpN3543Vs3JcjpGV58MfUMtbeHo2\noTAulfeQhDErgbqbZjewnm/nlm5Ov4zk329E231PAynWet3mHIX4QVrz+GNJKJzq\niWsAAAEBAM/pXSg2ugHKzRHFRVClCl8C0CpwKgxFB3iD0a2Yrz9N8wo57LvVX6nK\nN+snbruQZaGhSxSQ3GfAD26pKdCZuOGiEvZbng6QGStKdZOar2TU+wD23qICT2B5\nWEIjlq3hFx6wrT6gfDNguRvfAzsm13cEIq1DtvK3t7blf/lNJFrpuF+X3/uQz9GU\nNyR2fLRbKsEh/EwW9Fzg93aYzkTQnx/HjIKEVa+0FT1dFYvLP76jfVHHry76MoSm\n7Iwzms5DmSYaK7Jm7at8VCjnPq8WNPlMWNwHu49F2ARLVpqLFXLhkg3D5OmsP4NX\nNIH5JabWdx9NcBHNVZAsrsSyaS4Ik7MAAAAAAQID\n-----END OPENSSH PRIVATE KEY-----\n",
            "private_key_pem": "-----BEGIN RSA PRIVATE KEY-----\nMIIJKAIBAAKCAgEAnNQhQHaQ86meMpxMmfz4HqUhqKpl3j6zizd2gQBBUL728yM7\nCfchop8hOW6DKvYuQkLOhdB2eG8EzPGlLiQVrYe/OXN/fcHk9n/+TJhZqYiALT1N\n6awEMFHWkXNKHf7FdPFNXjm6fPBXudoT/45jPrTpBEvx3FHBZ6C+eVXyVIvzruB4\nLHgItNm+nibv3OOVJ9rkJkr0vFSc0ZUr37H2fPSk8PrwFSyyqT0MCu6kNMYui9xV\nd9c/E2aycm1E7hpFDHvXrUdfaewDD/XIl9J24+zgv/Ir65xmzRz30rI/DnjuTuzy\nEkr8Q9BnHuVOkaqaL1CPbQynhtTfpsDoxJO2rc7ef1wTlAmlDOUi/xCKZi6eukvk\n8JIoGEj3FPnw3eSFbyWScckGgotu0KRt88nigZ7N303gRWIF3YhW49T3eiGroSdM\niRCds7fbL0VPnYUbGc4P9udjbuSdS7QQ1m4Wa/KLmsFmrtkW/8xBYCxcUNb0B39J\nwMFALDCz1mNYuwTg74iecJi4T31RB2ARnTxXrMk7GUDX0zTpHp6Lzz/Zb/VN4k/R\nbTx2o+xGAf8cJtCmCyVdZD2Z1VuMMJui9nw3/METWB8IzSWwU9ZzCCtA13SR0lGt\nIGS63HZ3/2uxQreeUiEf8piraSmQigUGWQuJiab4PWSHp+SWpZBIaOo+htECAwEA\nAQKCAgAk7ugt0D5uw8FX1etMUID2Zpk4qXh4EHgkDxm/Y5n+NBrgQ6nBvQuUyrj+\nV4JYecWHIUiVxvQ/hJWy1i26YhEg3tkv5H1f1mvfiWEQFMj43gahoNBaeYI7Burr\nMiWATuGdmr5HtHyws8FVKYCQLK4+tEg0FNaOtko/52E0HgOF2be3tXFXt6UFQkpb\n4HuYn5ge3LPiOMDOIXcU/HZqpfSQlOTLQ62Krw4cQR427OCK9Sk9EtSl9nEKVqMr\nw4P6NwGP4RJ34lkcDtLhzVZCOvR41O5RBe1F/X1QTMQoQIYNGHm26KJRoIssRUYj\nxojsUSsifWxpmBNT84oAMWof8VGR2rdcwFLcfXptNN67J6m0bJfWTrqfmgdH1g6X\nQKSvE0QoeAdQwYT3jMmOMOFAKThDu0cI2rpeg3+6n7d8GxFLEN1eZKwewpIVp3p6\nOM0sRu4craKR/EjqOK4ScxlOYz2F9rLWsRLMzFIKLvDUpNF7ks9jRrPUv2q022d4\nylpp+G0I58L/9yaeKjwgqzKEc6jGQfSbMlfJO/HNGjpbakfp4Fu7SGbvmFI+4uqw\nzxsmvcuYnKMWbnfmYohg1HsARBg2EDpiCpYU7m7WiLosObOHInHvfV/ZT5doS2bQ\nMme3DXRt7Ern3awnUi3dFsElhpcwuHBz2qTRbo5VLab6+om+CQKCAQEAwRoZBMvA\n+qJfrxNIp5DDxZYYIgmvlttwIfvRBzZAGHDpnAeHuYhuY269X4zljMVnmVei0vuX\n2p8Bsb6D72CbCBl9tAjHd70e/CiqP00lQjy0nfAQwnY2i5l/yGGH3GhEEj3DBFu/\nBN94Imr+vDqLDSc5zzf5O4Revs0sWmaLgPJRHzU2HTHCu8nm5st3ed4F2d+BOU6H\nRTBPB7aqyQUZA9/o26DjadS3Zqo68T5LeIswX3MF8Qb9mFFSk3fnjdWzclyOkZXn\nwx9Qy1t4ejahMC6V95CEMSuBuptmN7Ceb+eWbk6/jOTfb0TbfU8DKdZ63eYchfhB\nWvP4Y0konOqJawKCAQEAz+ldKDa6AcrNEcVFUKUKXwLQKnAqDEUHeIPRrZivP03z\nCjnsu9Vfqco36yduu5BloaFLFJDcZ8APbqkp0Jm44aIS9lueDpAZK0p1k5qvZNT7\nAPbeogJPYHlYQiOWreEXHrCtPqB8M2C5G98DOybXdwQirUO28re3tuV/+U0kWum4\nX5ff+5DP0ZQ3JHZ8tFsqwSH8TBb0XOD3dpjORNCfH8eMgoRVr7QVPV0Vi8s/vqN9\nUcevLvoyhKbsjDOazkOZJhorsmbtq3xUKOc+rxY0+UxY3Ae7j0XYBEtWmosVcuGS\nDcPk6aw/g1c0gfklptZ3H01wEc1VkCyuxLJpLgiTswKCAQEAq06Xu2V3AeJiuFKH\nNgB7bSJGrouhNlfeFofrXFaIbiZdWIplofai15s6bTX1vvixe5v/WuTQRqahPioh\nqY8uefUDS2AudM9WWaVJw3aRAz4Pjb2XYKy2nwnCDuZXPPVSzkv0Yj1yLMSDMyVw\nb1QQX87YvjiN5nr8ApDKNDicsfxGc0UliKjIdQgcy8rdZ0PMNQjO/yPnZT4CHnmy\n8TqQgpt1XMJSfWS0f2Otfq8hDQOOGl9UegsVlrcuZp0M0wsuctohsI4oWTXC22V+\ncA1e2fu6FzIh0+0g3YdXGziYlfYBwkIiNMAmZ/PSNEyQJeGchpbJ3x/p+uJNDOeu\nG+cFmQKCAQBcVwXz3VKBh0PK97WQWqyfhA1WO9jA+EuYH9uZYS28TO97hDx7NAo3\ny8NIIoxQq5In1g4VhT0Oq0NvX5xdtFhjhessFYa+awtyqbBMrS/m9ZzBUeORSrtc\nWqhzP4Elmsn87HUVUou2+edc1JCHzfl2N5T7JQ70/9mNVqKe478YzaMAeeCVxzw1\nlcFj5Wf/Zlo3ytNWK/+93ICr4LQD5jA2GhdyxDmWPsIMLfJq0wttrQj0sF5C3AZh\n2g1HO4guweEcBhWQN5ypRB/QxtuVQaSncFwq5RhNSrTlO1ysaMdO7ZZDnNRnYAQZ\nXjrI2xH45lmjwm3ayjqNPPsmCyMhudd3AoIBADS7dgOQa9kK+u5eavRh0kHXwiOl\n6sLuX126d/35Le8QcAdE/M9kAmK5Pj5rmSMijIWgpdgrkZaCiEZVEvgt6NBvnVhT\nw05ultTObehyed/N2Qb9c7hlzjlPQepJhxFFx6JQiyQelVOO0/sWKMXMjPt1NyGw\nHHGhkXejIZQG1eZAHZSuwEuEeNn9+F6Y835ykskat2Wm4t6gVH2qVnKu3QSo7pYR\nWGsMMOur/8KMZVdCsHBRvjYebiBn2BX0Wqvj6maqc3H51Ae7OErjLBncwexhj8CU\nV1/NNieDhxSm1kW/tFHXBoba9xWML6+vEqXFh4qppFVVSqlXfN42WiwegTM=\n-----END RSA PRIVATE KEY-----\n",
            "private_key_pem_pkcs8": "-----BEGIN PRIVATE KEY-----\nMIIJQgIBADANBgkqhkiG9w0BAQEFAASCCSwwggkoAgEAAoICAQCc1CFAdpDzqZ4y\nnEyZ/PgepSGoqmXePrOLN3aBAEFQvvbzIzsJ9yGinyE5boMq9i5CQs6F0HZ4bwTM\n8aUuJBWth785c399weT2f/5MmFmpiIAtPU3prAQwUdaRc0od/sV08U1eObp88Fe5\n2hP/jmM+tOkES/HcUcFnoL55VfJUi/Ou4HgseAi02b6eJu/c45Un2uQmSvS8VJzR\nlSvfsfZ89KTw+vAVLLKpPQwK7qQ0xi6L3FV31z8TZrJybUTuGkUMe9etR19p7AMP\n9ciX0nbj7OC/8ivrnGbNHPfSsj8OeO5O7PISSvxD0Gce5U6RqpovUI9tDKeG1N+m\nwOjEk7atzt5/XBOUCaUM5SL/EIpmLp66S+TwkigYSPcU+fDd5IVvJZJxyQaCi27Q\npG3zyeKBns3fTeBFYgXdiFbj1Pd6IauhJ0yJEJ2zt9svRU+dhRsZzg/252Nu5J1L\ntBDWbhZr8ouawWau2Rb/zEFgLFxQ1vQHf0nAwUAsMLPWY1i7BODviJ5wmLhPfVEH\nYBGdPFesyTsZQNfTNOkenovPP9lv9U3iT9FtPHaj7EYB/xwm0KYLJV1kPZnVW4ww\nm6L2fDf8wRNYHwjNJbBT1nMIK0DXdJHSUa0gZLrcdnf/a7FCt55SIR/ymKtpKZCK\nBQZZC4mJpvg9ZIen5JalkEho6j6G0QIDAQABAoICACTu6C3QPm7DwVfV60xQgPZm\nmTipeHgQeCQPGb9jmf40GuBDqcG9C5TKuP5Xglh5xYchSJXG9D+ElbLWLbpiESDe\n2S/kfV/Wa9+JYRAUyPjeBqGg0Fp5gjsG6usyJYBO4Z2avke0fLCzwVUpgJAsrj60\nSDQU1o62Sj/nYTQeA4XZt7e1cVe3pQVCSlvge5ifmB7cs+I4wM4hdxT8dmql9JCU\n5MtDrYqvDhxBHjbs4Ir1KT0S1KX2cQpWoyvDg/o3AY/hEnfiWRwO0uHNVkI69HjU\n7lEF7UX9fVBMxChAhg0YebboolGgiyxFRiPGiOxRKyJ9bGmYE1PzigAxah/xUZHa\nt1zAUtx9em003rsnqbRsl9ZOup+aB0fWDpdApK8TRCh4B1DBhPeMyY4w4UApOEO7\nRwjaul6Df7qft3wbEUsQ3V5krB7CkhWneno4zSxG7hytopH8SOo4rhJzGU5jPYX2\nstaxEszMUgou8NSk0XuSz2NGs9S/arTbZ3jKWmn4bQjnwv/3Jp4qPCCrMoRzqMZB\n9JsyV8k78c0aOltqR+ngW7tIZu+YUj7i6rDPGya9y5icoxZud+ZiiGDUewBEGDYQ\nOmIKlhTubtaIuiw5s4cice99X9lPl2hLZtAyZ7cNdG3sSufdrCdSLd0WwSWGlzC4\ncHPapNFujlUtpvr6ib4JAoIBAQDBGhkEy8D6ol+vE0inkMPFlhgiCa+W23Ah+9EH\nNkAYcOmcB4e5iG5jbr1fjOWMxWeZV6LS+5fanwGxvoPvYJsIGX20CMd3vR78KKo/\nTSVCPLSd8BDCdjaLmX/IYYfcaEQSPcMEW78E33giav68OosNJznPN/k7hF6+zSxa\nZouA8lEfNTYdMcK7yebmy3d53gXZ34E5TodFME8HtqrJBRkD3+jboONp1Ldmqjrx\nPkt4izBfcwXxBv2YUVKTd+eN1bNyXI6RlefDH1DLW3h6NqEwLpX3kIQxK4G6m2Y3\nsJ5v55ZuTr+M5N9vRNt9TwMp1nrd5hyF+EFa8/hjSSic6olrAoIBAQDP6V0oNroB\nys0RxUVQpQpfAtAqcCoMRQd4g9GtmK8/TfMKOey71V+pyjfrJ267kGWhoUsUkNxn\nwA9uqSnQmbjhohL2W54OkBkrSnWTmq9k1PsA9t6iAk9geVhCI5at4RcesK0+oHwz\nYLkb3wM7Jtd3BCKtQ7byt7e25X/5TSRa6bhfl9/7kM/RlDckdny0WyrBIfxMFvRc\n4Pd2mM5E0J8fx4yChFWvtBU9XRWLyz++o31Rx68u+jKEpuyMM5rOQ5kmGiuyZu2r\nfFQo5z6vFjT5TFjcB7uPRdgES1aaixVy4ZINw+TprD+DVzSB+SWm1ncfTXARzVWQ\nLK7EsmkuCJOzAoIBAQCrTpe7ZXcB4mK4Uoc2AHttIkaui6E2V94Wh+tcVohuJl1Y\nimWh9qLXmzptNfW++LF7m/9a5NBGpqE+KiGpjy559QNLYC50z1ZZpUnDdpEDPg+N\nvZdgrLafCcIO5lc89VLOS/RiPXIsxIMzJXBvVBBfzti+OI3mevwCkMo0OJyx/EZz\nRSWIqMh1CBzLyt1nQ8w1CM7/I+dlPgIeebLxOpCCm3VcwlJ9ZLR/Y61+ryENA44a\nX1R6CxWWty5mnQzTCy5y2iGwjihZNcLbZX5wDV7Z+7oXMiHT7SDdh1cbOJiV9gHC\nQiI0wCZn89I0TJAl4ZyGlsnfH+n64k0M564b5wWZAoIBAFxXBfPdUoGHQ8r3tZBa\nrJ+EDVY72MD4S5gf25lhLbxM73uEPHs0CjfLw0gijFCrkifWDhWFPQ6rQ29fnF20\nWGOF6ywVhr5rC3KpsEytL+b1nMFR45FKu1xaqHM/gSWayfzsdRVSi7b551zUkIfN\n+XY3lPslDvT/2Y1Wop7jvxjNowB54JXHPDWVwWPlZ/9mWjfK01Yr/73cgKvgtAPm\nMDYaF3LEOZY+wgwt8mrTC22tCPSwXkLcBmHaDUc7iC7B4RwGFZA3nKlEH9DG25VB\npKdwXCrlGE1KtOU7XKxox07tlkOc1GdgBBleOsjbEfjmWaPCbdrKOo08+yYLIyG5\n13cCggEANLt2A5Br2Qr67l5q9GHSQdfCI6Xqwu5fXbp3/fkt7xBwB0T8z2QCYrk+\nPmuZIyKMhaCl2CuRloKIRlUS+C3o0G+dWFPDTm6W1M5t6HJ5383ZBv1zuGXOOU9B\n6kmHEUXHolCLJB6VU47T+xYoxcyM+3U3IbAccaGRd6MhlAbV5kAdlK7AS4R42f34\nXpjzfnKSyRq3Zabi3qBUfapWcq7dBKjulhFYawww66v/woxlV0KwcFG+Nh5uIGfY\nFfRaq+PqZqpzcfnUB7s4SuMsGdzB7GGPwJRXX802J4OHFKbWRb+0UdcGhtr3FYwv\nr68SpcWHiqmkVVVKqVd83jZaLB6BMw==\n-----END PRIVATE KEY-----\n",
            "public_key_fingerprint_md5": "75:0a:cd:ba:05:e9:ca:18:fb:a7:26:8b:df:30:f2:2c",
            "public_key_fingerprint_sha256": "SHA256:645DdCDzoiYUctzk+shJeV4avNih+4AZAfuvSxnPepo",
            "public_key_openssh": "ssh-rsa AAAAB3NzaC1yc2EAAAADAQABAAACAQCc1CFAdpDzqZ4ynEyZ/PgepSGoqmXePrOLN3aBAEFQvvbzIzsJ9yGinyE5boMq9i5CQs6F0HZ4bwTM8aUuJBWth785c399weT2f/5MmFmpiIAtPU3prAQwUdaRc0od/sV08U1eObp88Fe52hP/jmM+tOkES/HcUcFnoL55VfJUi/Ou4HgseAi02b6eJu/c45Un2uQmSvS8VJzRlSvfsfZ89KTw+vAVLLKpPQwK7qQ0xi6L3FV31z8TZrJybUTuGkUMe9etR19p7AMP9ciX0nbj7OC/8ivrnGbNHPfSsj8OeO5O7PISSvxD0Gce5U6RqpovUI9tDKeG1N+mwOjEk7atzt5/XBOUCaUM5SL/EIpmLp66S+TwkigYSPcU+fDd5IVvJZJxyQaCi27QpG3zyeKBns3fTeBFYgXdiFbj1Pd6IauhJ0yJEJ2zt9svRU+dhRsZzg/252Nu5J1LtBDWbhZr8ouawWau2Rb/zEFgLFxQ1vQHf0nAwUAsMLPWY1i7BODviJ5wmLhPfVEHYBGdPFesyTsZQNfTNOkenovPP9lv9U3iT9FtPHaj7EYB/xwm0KYLJV1kPZnVW4wwm6L2fDf8wRNYHwjNJbBT1nMIK0DXdJHSUa0gZLrcdnf/a7FCt55SIR/ymKtpKZCKBQZZC4mJpvg9ZIen5JalkEho6j6G0Q==\n",
            "public_key_pem": "-----BEGIN PUBLIC KEY-----\nMIICIjANBgkqhkiG9w0BAQEFAAOCAg8AMIICCgKCAgEAnNQhQHaQ86meMpxMmfz4\nHqUhqKpl3j6zizd2gQBBUL728yM7Cfchop8hOW6DKvYuQkLOhdB2eG8EzPGlLiQV\nrYe/OXN/fcHk9n/+TJhZqYiALT1N6awEMFHWkXNKHf7FdPFNXjm6fPBXudoT/45j\nPrTpBEvx3FHBZ6C+eVXyVIvzruB4LHgItNm+nibv3OOVJ9rkJkr0vFSc0ZUr37H2\nfPSk8PrwFSyyqT0MCu6kNMYui9xVd9c/E2aycm1E7hpFDHvXrUdfaewDD/XIl9J2\n4+zgv/Ir65xmzRz30rI/DnjuTuzyEkr8Q9BnHuVOkaqaL1CPbQynhtTfpsDoxJO2\nrc7ef1wTlAmlDOUi/xCKZi6eukvk8JIoGEj3FPnw3eSFbyWScckGgotu0KRt88ni\ngZ7N303gRWIF3YhW49T3eiGroSdMiRCds7fbL0VPnYUbGc4P9udjbuSdS7QQ1m4W\na/KLmsFmrtkW/8xBYCxcUNb0B39JwMFALDCz1mNYuwTg74iecJi4T31RB2ARnTxX\nrMk7GUDX0zTpHp6Lzz/Zb/VN4k/RbTx2o+xGAf8cJtCmCyVdZD2Z1VuMMJui9nw3\n/METWB8IzSWwU9ZzCCtA13SR0lGtIGS63HZ3/2uxQreeUiEf8piraSmQigUGWQuJ\niab4PWSHp+SWpZBIaOo+htECAwEAAQ==\n-----END PUBLIC KEY-----\n",
            "rsa_bits": 4096
          },
          "sensitive_attributes": [
            [
              {
                "type": "get_attr",
                "value": "private_key_openssh"
              }
            ],
            [
              {
                "type": "get_attr",
                "value": "private_key_pem"
              }
            ],
            [
              {
                "type": "get_attr",
                "value": "private_key_pem_pkcs8"
              }
            ]
          ],
          "identity_schema_version": 0
        }
      ]
    }
  ],
  "check_results": null
}
